{"format_version":"1.2","terraform_version":"1.13.2","variables":{"public_key":{"value":"ssh-rsa AAAAB3NzaC1yc2EAAAADAQABAAACAQDLnj9RNiVVYfGrr4xq3upB+baEwGxTVaxLiG7dZeteiOkbQn8K8L9V929k9HIEphGkcYXIYNywHahosub6SeuCiGtcO9tRE+BIi4g7paqBw+F/cwBJnBLMRuB3E1Lk403/9i4EpvSSUW4D3qtREOm3TmukpjLdtkuHlyabOdM6FiwOetDM1FwQ2bUue5yeBGoEpsue1XAcGWj7cuv7z26AcvPOFmQ/9MbQ79BfGNl9InsFAJNCqIq+b6fs+ABu/LP+aBrGLDfoc9PsXr8s36A0TbAMVtsb5586V8DVn1icyXRf/N7f0I/aRczep+jYjbA549BD3HcTWfv8meHxl+lXOGKlXbKiRumBC2PPeNs/bvzGaT5/JEzAdqxX61qrB9NHXOufYCj5YGz0TfBec5rgMpai6tJTJ0nrlY8DmUWlQcqJVKoOs/o8gmwJU2RrUg8ui2eaLr1TyaheK6VryhMOdekiAFVi+QwsffXH/inXNAGAHMvmzjl6tcTtaFveWLiEdpdV/Fs1lUByOFkPNRsfrJlA8deurD1l834zlfYsQwdNLYnIBKCAokBqHJAe647pCqgOpi1Z4E+G4FsjNiMxowvADvLLiVR43AWe1QD5WLesb6cbeM1L1I+Hg7u+GkB0KFgD/lF5+e+YoKy2Ga34R2uUiPK/oqi6rwPHRDi7JQ== ASION@ASION"},"security_group_id":{"value":"sg-0395e1029c88e521b"},"subnet_id":{"value":"subnet-0251f6e8e74ae68ef"}},"planned_values":{"outputs":{"grafana_url":{"sensitive":false},"instance_id":{"sensitive":false},"instance_public_ip":{"sensitive":false}},"root_module":{"resources":[{"address":"aws_instance.grafana","mode":"managed","type":"aws_instance","name":"grafana","provider_name":"registry.terraform.io/hashicorp/aws","schema_version":1,"values":{"ami":"ami-06dd5c911c0d8dcdc","associate_public_ip_address":true,"credit_specification":[],"get_password_data":false,"hibernation":null,"instance_type":"t3.micro","key_name":"grafana-key","launch_template":[],"source_dest_check":true,"subnet_id":"subnet-0251f6e8e74ae68ef","tags":{"Name":"mate-aws-grafana-lab"},"tags_all":{"Name":"mate-aws-grafana-lab"},"timeouts":null,"user_data":"2bd3ada6c540a3442e076f804f65df2a7a20960f","user_data_replace_on_change":false,"volume_tags":null,"vpc_security_group_ids":["sg-0395e1029c88e521b"]},"sensitive_values":{"capacity_reservation_specification":[],"cpu_options":[],"credit_specification":[],"ebs_block_device":[],"enclave_options":[],"ephemeral_block_device":[],"instance_market_options":[],"ipv6_addresses":[],"launch_template":[],"maintenance_options":[],"metadata_options":[],"network_interface":[],"private_dns_name_options":[],"root_block_device":[],"secondary_private_ips":[],"security_groups":[],"tags":{},"tags_all":{},"vpc_security_group_ids":[false]}},{"address":"aws_key_pair.grafana_key","mode":"managed","type":"aws_key_pair","name":"grafana_key","provider_name":"registry.terraform.io/hashicorp/aws","schema_version":1,"values":{"arn":"arn:aws:ec2:us-east-1:337763382674:key-pair/grafana-key","fingerprint":"83:da:a6:54:9c:fa:3b:67:20:0e:f9:76:53:37:8e:5b","id":"grafana-key","key_name":"grafana-key","key_name_prefix":"","key_pair_id":"key-0146d29055f14339e","key_type":"rsa","public_key":"ssh-rsa AAAAB3NzaC1yc2EAAAADAQABAAACAQDLnj9RNiVVYfGrr4xq3upB+baEwGxTVaxLiG7dZeteiOkbQn8K8L9V929k9HIEphGkcYXIYNywHahosub6SeuCiGtcO9tRE+BIi4g7paqBw+F/cwBJnBLMRuB3E1Lk403/9i4EpvSSUW4D3qtREOm3TmukpjLdtkuHlyabOdM6FiwOetDM1FwQ2bUue5yeBGoEpsue1XAcGWj7cuv7z26AcvPOFmQ/9MbQ79BfGNl9InsFAJNCqIq+b6fs+ABu/LP+aBrGLDfoc9PsXr8s36A0TbAMVtsb5586V8DVn1icyXRf/N7f0I/aRczep+jYjbA549BD3HcTWfv8meHxl+lXOGKlXbKiRumBC2PPeNs/bvzGaT5/JEzAdqxX61qrB9NHXOufYCj5YGz0TfBec5rgMpai6tJTJ0nrlY8DmUWlQcqJVKoOs/o8gmwJU2RrUg8ui2eaLr1TyaheK6VryhMOdekiAFVi+QwsffXH/inXNAGAHMvmzjl6tcTtaFveWLiEdpdV/Fs1lUByOFkPNRsfrJlA8deurD1l834zlfYsQwdNLYnIBKCAokBqHJAe647pCqgOpi1Z4E+G4FsjNiMxowvADvLLiVR43AWe1QD5WLesb6cbeM1L1I+Hg7u+GkB0KFgD/lF5+e+YoKy2Ga34R2uUiPK/oqi6rwPHRDi7JQ== ASION@ASION","tags":{},"tags_all":{}},"sensitive_values":{"tags":{},"tags_all":{}}}]}},"resource_drift":[{"address":"aws_key_pair.grafana_key","mode":"managed","type":"aws_key_pair","name":"grafana_key","provider_name":"registry.terraform.io/hashicorp/aws","change":{"actions":["update"],"before":{"arn":"arn:aws:ec2:us-east-1:337763382674:key-pair/grafana-key","fingerprint":"83:da:a6:54:9c:fa:3b:67:20:0e:f9:76:53:37:8e:5b","id":"grafana-key","key_name":"grafana-key","key_name_prefix":"","key_pair_id":"key-0146d29055f14339e","key_type":"rsa","public_key":"ssh-rsa AAAAB3NzaC1yc2EAAAADAQABAAACAQDLnj9RNiVVYfGrr4xq3upB+baEwGxTVaxLiG7dZeteiOkbQn8K8L9V929k9HIEphGkcYXIYNywHahosub6SeuCiGtcO9tRE+BIi4g7paqBw+F/cwBJnBLMRuB3E1Lk403/9i4EpvSSUW4D3qtREOm3TmukpjLdtkuHlyabOdM6FiwOetDM1FwQ2bUue5yeBGoEpsue1XAcGWj7cuv7z26AcvPOFmQ/9MbQ79BfGNl9InsFAJNCqIq+b6fs+ABu/LP+aBrGLDfoc9PsXr8s36A0TbAMVtsb5586V8DVn1icyXRf/N7f0I/aRczep+jYjbA549BD3HcTWfv8meHxl+lXOGKlXbKiRumBC2PPeNs/bvzGaT5/JEzAdqxX61qrB9NHXOufYCj5YGz0TfBec5rgMpai6tJTJ0nrlY8DmUWlQcqJVKoOs/o8gmwJU2RrUg8ui2eaLr1TyaheK6VryhMOdekiAFVi+QwsffXH/inXNAGAHMvmzjl6tcTtaFveWLiEdpdV/Fs1lUByOFkPNRsfrJlA8deurD1l834zlfYsQwdNLYnIBKCAokBqHJAe647pCqgOpi1Z4E+G4FsjNiMxowvADvLLiVR43AWe1QD5WLesb6cbeM1L1I+Hg7u+GkB0KFgD/lF5+e+YoKy2Ga34R2uUiPK/oqi6rwPHRDi7JQ== ASION@ASION","tags":null,"tags_all":{}},"after":{"arn":"arn:aws:ec2:us-east-1:337763382674:key-pair/grafana-key","fingerprint":"83:da:a6:54:9c:fa:3b:67:20:0e:f9:76:53:37:8e:5b","id":"grafana-key","key_name":"grafana-key","key_name_prefix":"","key_pair_id":"key-0146d29055f14339e","key_type":"rsa","public_key":"ssh-rsa AAAAB3NzaC1yc2EAAAADAQABAAACAQDLnj9RNiVVYfGrr4xq3upB+baEwGxTVaxLiG7dZeteiOkbQn8K8L9V929k9HIEphGkcYXIYNywHahosub6SeuCiGtcO9tRE+BIi4g7paqBw+F/cwBJnBLMRuB3E1Lk403/9i4EpvSSUW4D3qtREOm3TmukpjLdtkuHlyabOdM6FiwOetDM1FwQ2bUue5yeBGoEpsue1XAcGWj7cuv7z26AcvPOFmQ/9MbQ79BfGNl9InsFAJNCqIq+b6fs+ABu/LP+aBrGLDfoc9PsXr8s36A0TbAMVtsb5586V8DVn1icyXRf/N7f0I/aRczep+jYjbA549BD3HcTWfv8meHxl+lXOGKlXbKiRumBC2PPeNs/bvzGaT5/JEzAdqxX61qrB9NHXOufYCj5YGz0TfBec5rgMpai6tJTJ0nrlY8DmUWlQcqJVKoOs/o8gmwJU2RrUg8ui2eaLr1TyaheK6VryhMOdekiAFVi+QwsffXH/inXNAGAHMvmzjl6tcTtaFveWLiEdpdV/Fs1lUByOFkPNRsfrJlA8deurD1l834zlfYsQwdNLYnIBKCAokBqHJAe647pCqgOpi1Z4E+G4FsjNiMxowvADvLLiVR43AWe1QD5WLesb6cbeM1L1I+Hg7u+GkB0KFgD/lF5+e+YoKy2Ga34R2uUiPK/oqi6rwPHRDi7JQ== ASION@ASION","tags":{},"tags_all":{}},"after_unknown":{},"before_sensitive":{"tags_all":{}},"after_sensitive":{"tags":{},"tags_all":{}}}}],"resource_changes":[{"address":"aws_instance.grafana","mode":"managed","type":"aws_instance","name":"grafana","provider_name":"registry.terraform.io/hashicorp/aws","change":{"actions":["create"],"before":null,"after":{"ami":"ami-06dd5c911c0d8dcdc","associate_public_ip_address":true,"credit_specification":[],"get_password_data":false,"hibernation":null,"instance_type":"t3.micro","key_name":"grafana-key","launch_template":[],"source_dest_check":true,"subnet_id":"subnet-0251f6e8e74ae68ef","tags":{"Name":"mate-aws-grafana-lab"},"tags_all":{"Name":"mate-aws-grafana-lab"},"timeouts":null,"user_data":"2bd3ada6c540a3442e076f804f65df2a7a20960f","user_data_replace_on_change":false,"volume_tags":null,"vpc_security_group_ids":["sg-0395e1029c88e521b"]},"after_unknown":{"arn":true,"availability_zone":true,"capacity_reservation_specification":true,"cpu_core_count":true,"cpu_options":true,"cpu_threads_per_core":true,"credit_specification":[],"disable_api_stop":true,"disable_api_termination":true,"ebs_block_device":true,"ebs_optimized":true,"enable_primary_ipv6":true,"enclave_options":true,"ephemeral_block_device":true,"host_id":true,"host_resource_group_arn":true,"iam_instance_profile":true,"id":true,"instance_initiated_shutdown_behavior":true,"instance_lifecycle":true,"instance_market_options":true,"instance_state":true,"ipv6_address_count":true,"ipv6_addresses":true,"launch_template":[],"maintenance_options":true,"metadata_options":true,"monitoring":true,"network_interface":true,"outpost_arn":true,"password_data":true,"placement_group":true,"placement_partition_number":true,"primary_network_interface_id":true,"private_dns":true,"private_dns_name_options":true,"private_ip":true,"public_dns":true,"public_ip":true,"root_block_device":true,"secondary_private_ips":true,"security_groups":true,"spot_instance_request_id":true,"tags":{},"tags_all":{},"tenancy":true,"user_data_base64":true,"vpc_security_group_ids":[false]},"before_sensitive":false,"after_sensitive":{"capacity_reservation_specification":[],"cpu_options":[],"credit_specification":[],"ebs_block_device":[],"enclave_options":[],"ephemeral_block_device":[],"instance_market_options":[],"ipv6_addresses":[],"launch_template":[],"maintenance_options":[],"metadata_options":[],"network_interface":[],"private_dns_name_options":[],"root_block_device":[],"secondary_private_ips":[],"security_groups":[],"tags":{},"tags_all":{},"vpc_security_group_ids":[false]}}},{"address":"aws_key_pair.grafana_key","mode":"managed","type":"aws_key_pair","name":"grafana_key","provider_name":"registry.terraform.io/hashicorp/aws","change":{"actions":["no-op"],"before":{"arn":"arn:aws:ec2:us-east-1:337763382674:key-pair/grafana-key","fingerprint":"83:da:a6:54:9c:fa:3b:67:20:0e:f9:76:53:37:8e:5b","id":"grafana-key","key_name":"grafana-key","key_name_prefix":"","key_pair_id":"key-0146d29055f14339e","key_type":"rsa","public_key":"ssh-rsa AAAAB3NzaC1yc2EAAAADAQABAAACAQDLnj9RNiVVYfGrr4xq3upB+baEwGxTVaxLiG7dZeteiOkbQn8K8L9V929k9HIEphGkcYXIYNywHahosub6SeuCiGtcO9tRE+BIi4g7paqBw+F/cwBJnBLMRuB3E1Lk403/9i4EpvSSUW4D3qtREOm3TmukpjLdtkuHlyabOdM6FiwOetDM1FwQ2bUue5yeBGoEpsue1XAcGWj7cuv7z26AcvPOFmQ/9MbQ79BfGNl9InsFAJNCqIq+b6fs+ABu/LP+aBrGLDfoc9PsXr8s36A0TbAMVtsb5586V8DVn1icyXRf/N7f0I/aRczep+jYjbA549BD3HcTWfv8meHxl+lXOGKlXbKiRumBC2PPeNs/bvzGaT5/JEzAdqxX61qrB9NHXOufYCj5YGz0TfBec5rgMpai6tJTJ0nrlY8DmUWlQcqJVKoOs/o8gmwJU2RrUg8ui2eaLr1TyaheK6VryhMOdekiAFVi+QwsffXH/inXNAGAHMvmzjl6tcTtaFveWLiEdpdV/Fs1lUByOFkPNRsfrJlA8deurD1l834zlfYsQwdNLYnIBKCAokBqHJAe647pCqgOpi1Z4E+G4FsjNiMxowvADvLLiVR43AWe1QD5WLesb6cbeM1L1I+Hg7u+GkB0KFgD/lF5+e+YoKy2Ga34R2uUiPK/oqi6rwPHRDi7JQ== ASION@ASION","tags":{},"tags_all":{}},"after":{"arn":"arn:aws:ec2:us-east-1:337763382674:key-pair/grafana-key","fingerprint":"83:da:a6:54:9c:fa:3b:67:20:0e:f9:76:53:37:8e:5b","id":"grafana-key","key_name":"grafana-key","key_name_prefix":"","key_pair_id":"key-0146d29055f14339e","key_type":"rsa","public_key":"ssh-rsa AAAAB3NzaC1yc2EAAAADAQABAAACAQDLnj9RNiVVYfGrr4xq3upB+baEwGxTVaxLiG7dZeteiOkbQn8K8L9V929k9HIEphGkcYXIYNywHahosub6SeuCiGtcO9tRE+BIi4g7paqBw+F/cwBJnBLMRuB3E1Lk403/9i4EpvSSUW4D3qtREOm3TmukpjLdtkuHlyabOdM6FiwOetDM1FwQ2bUue5yeBGoEpsue1XAcGWj7cuv7z26AcvPOFmQ/9MbQ79BfGNl9InsFAJNCqIq+b6fs+ABu/LP+aBrGLDfoc9PsXr8s36A0TbAMVtsb5586V8DVn1icyXRf/N7f0I/aRczep+jYjbA549BD3HcTWfv8meHxl+lXOGKlXbKiRumBC2PPeNs/bvzGaT5/JEzAdqxX61qrB9NHXOufYCj5YGz0TfBec5rgMpai6tJTJ0nrlY8DmUWlQcqJVKoOs/o8gmwJU2RrUg8ui2eaLr1TyaheK6VryhMOdekiAFVi+QwsffXH/inXNAGAHMvmzjl6tcTtaFveWLiEdpdV/Fs1lUByOFkPNRsfrJlA8deurD1l834zlfYsQwdNLYnIBKCAokBqHJAe647pCqgOpi1Z4E+G4FsjNiMxowvADvLLiVR43AWe1QD5WLesb6cbeM1L1I+Hg7u+GkB0KFgD/lF5+e+YoKy2Ga34R2uUiPK/oqi6rwPHRDi7JQ== ASION@ASION","tags":{},"tags_all":{}},"after_unknown":{},"before_sensitive":{"tags":{},"tags_all":{}},"after_sensitive":{"tags":{},"tags_all":{}}}}],"output_changes":{"grafana_url":{"actions":["create"],"before":null,"after_unknown":true,"before_sensitive":false,"after_sensitive":false},"instance_id":{"actions":["create"],"before":null,"after_unknown":true,"before_sensitive":false,"after_sensitive":false},"instance_public_ip":{"actions":["create"],"before":null,"after_unknown":true,"before_sensitive":false,"after_sensitive":false}},"prior_state":{"format_version":"1.0","terraform_version":"1.13.2","values":{"root_module":{"resources":[{"address":"data.aws_ami.amazon_linux","mode":"data","type":"aws_ami","name":"amazon_linux","provider_name":"registry.terraform.io/hashicorp/aws","schema_version":0,"values":{"architecture":"x86_64","arn":"arn:aws:ec2:us-east-1::image/ami-06dd5c911c0d8dcdc","block_device_mappings":[{"device_name":"/dev/xvda","ebs":{"delete_on_termination":"true","encrypted":"false","iops":"0","snapshot_id":"snap-06ff35e134cdd7137","throughput":"0","volume_initialization_rate":"0","volume_size":"8","volume_type":"gp2"},"no_device":"","virtual_name":""}],"boot_mode":"","creation_date":"2025-11-04T21:26:43.000Z","deprecation_time":"2026-02-02T00:00:00.000Z","description":"Amazon Linux 2 AMI 2.0.20251105.0 x86_64 HVM gp2","ena_support":true,"executable_users":null,"filter":[{"name":"name","values":["amzn2-ami-hvm-*-x86_64-gp2"]}],"hypervisor":"xen","id":"ami-06dd5c911c0d8dcdc","image_id":"ami-06dd5c911c0d8dcdc","image_location":"amazon/amzn2-ami-hvm-2.0.20251105.0-x86_64-gp2","image_owner_alias":"amazon","image_type":"machine","imds_support":"","include_deprecated":false,"kernel_id":"","last_launched_time":"","most_recent":true,"name":"amzn2-ami-hvm-2.0.20251105.0-x86_64-gp2","name_regex":null,"owner_id":"137112412989","owners":["amazon"],"platform":"","platform_details":"Linux/UNIX","product_codes":[],"public":true,"ramdisk_id":"","root_device_name":"/dev/xvda","root_device_type":"ebs","root_snapshot_id":"snap-06ff35e134cdd7137","sriov_net_support":"simple","state":"available","state_reason":{"code":"UNSET","message":"UNSET"},"tags":{},"timeouts":null,"tpm_support":"","uefi_data":null,"usage_operation":"RunInstances","virtualization_type":"hvm"},"sensitive_values":{"block_device_mappings":[{"ebs":{}}],"filter":[{"values":[false]}],"owners":[false],"product_codes":[],"state_reason":{},"tags":{}}},{"address":"aws_key_pair.grafana_key","mode":"managed","type":"aws_key_pair","name":"grafana_key","provider_name":"registry.terraform.io/hashicorp/aws","schema_version":1,"values":{"arn":"arn:aws:ec2:us-east-1:337763382674:key-pair/grafana-key","fingerprint":"83:da:a6:54:9c:fa:3b:67:20:0e:f9:76:53:37:8e:5b","id":"grafana-key","key_name":"grafana-key","key_name_prefix":"","key_pair_id":"key-0146d29055f14339e","key_type":"rsa","public_key":"ssh-rsa AAAAB3NzaC1yc2EAAAADAQABAAACAQDLnj9RNiVVYfGrr4xq3upB+baEwGxTVaxLiG7dZeteiOkbQn8K8L9V929k9HIEphGkcYXIYNywHahosub6SeuCiGtcO9tRE+BIi4g7paqBw+F/cwBJnBLMRuB3E1Lk403/9i4EpvSSUW4D3qtREOm3TmukpjLdtkuHlyabOdM6FiwOetDM1FwQ2bUue5yeBGoEpsue1XAcGWj7cuv7z26AcvPOFmQ/9MbQ79BfGNl9InsFAJNCqIq+b6fs+ABu/LP+aBrGLDfoc9PsXr8s36A0TbAMVtsb5586V8DVn1icyXRf/N7f0I/aRczep+jYjbA549BD3HcTWfv8meHxl+lXOGKlXbKiRumBC2PPeNs/bvzGaT5/JEzAdqxX61qrB9NHXOufYCj5YGz0TfBec5rgMpai6tJTJ0nrlY8DmUWlQcqJVKoOs/o8gmwJU2RrUg8ui2eaLr1TyaheK6VryhMOdekiAFVi+QwsffXH/inXNAGAHMvmzjl6tcTtaFveWLiEdpdV/Fs1lUByOFkPNRsfrJlA8deurD1l834zlfYsQwdNLYnIBKCAokBqHJAe647pCqgOpi1Z4E+G4FsjNiMxowvADvLLiVR43AWe1QD5WLesb6cbeM1L1I+Hg7u+GkB0KFgD/lF5+e+YoKy2Ga34R2uUiPK/oqi6rwPHRDi7JQ== ASION@ASION","tags":{},"tags_all":{}},"sensitive_values":{"tags":{},"tags_all":{}}}]}}},"configuration":{"provider_config":{"aws":{"name":"aws","full_name":"registry.terraform.io/hashicorp/aws","version_constraint":"~\u003e 5.0","expressions":{"region":{"constant_value":"us-east-1"}}}},"root_module":{"outputs":{"grafana_url":{"expression":{"references":["aws_instance.grafana.public_ip","aws_instance.grafana"]},"description":"URL to access Grafana"},"instance_id":{"expression":{"references":["aws_instance.grafana.id","aws_instance.grafana"]},"description":"ID of the EC2 instance"},"instance_public_ip":{"expression":{"references":["aws_instance.grafana.public_ip","aws_instance.grafana"]},"description":"Public IP address of the EC2 instance"}},"resources":[{"address":"aws_instance.grafana","mode":"managed","type":"aws_instance","name":"grafana","provider_config_key":"aws","expressions":{"ami":{"references":["data.aws_ami.amazon_linux.id","data.aws_ami.amazon_linux"]},"associate_public_ip_address":{"constant_value":true},"instance_type":{"constant_value":"t3.micro"},"key_name":{"references":["aws_key_pair.grafana_key.key_name","aws_key_pair.grafana_key"]},"subnet_id":{"references":["var.subnet_id"]},"tags":{"constant_value":{"Name":"mate-aws-grafana-lab"}},"user_data":{"references":["path.module"]},"vpc_security_group_ids":{"references":["var.security_group_id"]}},"schema_version":1},{"address":"aws_key_pair.grafana_key","mode":"managed","type":"aws_key_pair","name":"grafana_key","provider_config_key":"aws","expressions":{"key_name":{"constant_value":"grafana-key"},"public_key":{"references":["var.public_key"]}},"schema_version":1},{"address":"data.aws_ami.amazon_linux","mode":"data","type":"aws_ami","name":"amazon_linux","provider_config_key":"aws","expressions":{"filter":[{"name":{"constant_value":"name"},"values":{"constant_value":["amzn2-ami-hvm-*-x86_64-gp2"]}}],"most_recent":{"constant_value":true},"owners":{"constant_value":["amazon"]}},"schema_version":0}],"variables":{"public_key":{"description":"Public SSH key for EC2 instance access"},"security_group_id":{"description":"ID of the security group for the EC2 instance"},"subnet_id":{"description":"ID of the subnet for the EC2 instance"}}}},"relevant_attributes":[{"resource":"data.aws_ami.amazon_linux","attribute":["id"]},{"resource":"aws_instance.grafana","attribute":["id"]},{"resource":"aws_instance.grafana","attribute":["public_ip"]},{"resource":"aws_key_pair.grafana_key","attribute":["key_name"]}],"timestamp":"2025-11-11T19:58:11Z","applyable":true,"complete":true,"errored":false}
