{"format_version":"1.2","terraform_version":"1.12.2","variables":{"security_group_id":{"value":"sg-020d8de51702910c2"},"subnet_id":{"value":"subnet-0f3b2122abdf52edd"}},"planned_values":{"outputs":{"grafana_url":{"sensitive":false},"instance_public_ip":{"sensitive":false}},"root_module":{"resources":[{"address":"aws_instance.this","mode":"managed","type":"aws_instance","name":"this","provider_name":"registry.terraform.io/hashicorp/aws","schema_version":1,"values":{"ami":"ami-0c55825bb0a77f4cf","associate_public_ip_address":true,"credit_specification":[],"get_password_data":false,"hibernation":null,"instance_type":"t2.micro","key_name":"my_key","launch_template":[],"source_dest_check":true,"subnet_id":"subnet-0f3b2122abdf52edd","tags":{"Name":"mate-aws-grafana-lab"},"tags_all":{"Name":"mate-aws-grafana-lab"},"timeouts":null,"user_data":"2bd3ada6c540a3442e076f804f65df2a7a20960f","user_data_replace_on_change":false,"volume_tags":null,"vpc_security_group_ids":["sg-020d8de51702910c2"]},"sensitive_values":{"capacity_reservation_specification":[],"cpu_options":[],"credit_specification":[],"ebs_block_device":[],"enclave_options":[],"ephemeral_block_device":[],"instance_market_options":[],"ipv6_addresses":[],"launch_template":[],"maintenance_options":[],"metadata_options":[],"network_interface":[],"private_dns_name_options":[],"root_block_device":[],"secondary_private_ips":[],"security_groups":[],"tags":{},"tags_all":{},"vpc_security_group_ids":[false]}},{"address":"aws_key_pair.my_key","mode":"managed","type":"aws_key_pair","name":"my_key","provider_name":"registry.terraform.io/hashicorp/aws","schema_version":1,"values":{"key_name":"my_key","public_key":"ssh-rsa AAAAB3NzaC1yc2EAAAADAQABAAACAQCyALeio7OVrSe4CRJpocQgK30lcMHyYY6DoaPRxwsPK0xHifgAlVBus4qBKhoKZZLWsLzxlN6oYYznwzl1L2bzVOyMOZtBJLV6HX/H9qCjBKXSlaweJggvpe92JxgGhcro9ZnPGqGZQ5jF23PjoBpXXlbquiXpmDIkXzQR6EFbBjYZxe9I1hEP9b4514P1MnfbqEisxwrys8n7+3IrqaLXbGrEboOthyHl11FDfQ4TvvGxjkp2e+hPfpcvPNnBF02lrenHMnKlLQq+hlzKFOx3420Xw15XDfminmGlLSwQFnETlAKLCemH6bqNhx6l8sh4/2+KJ4oUftMiO+YsbQJj/rSvdFQZ+l9JKVjxTBctPgcoO8NGH+QB9a0jvIiLsRv6G6/+/H6lhBIao8hQhL2cfrrb3oW1C/FBDBz+akHBh5j1lekSSp1ZljROVwiI0UlHvcoeDi1bDgDWBwVTJvo9fwdOruOiTf/Io3332RS8naCal785368MAkQnpJ5seWrMgw4q+T42yvGUBSusntoVIA76Vm4hnjbd9sTDH4H/Xsa6mJVG0bOKdyBscqUxMsFM192rat6E4YRt0YYl2restkNzu/53UsMgu52VMz2elXENXlXCQIs+cZ7aZ76UDlsmvvJtjXqDn1MaXQDnqF00lxpes+ZcEHL6kxFnMzVxIQ== user@DESKTOP-UCL3MEG","tags":null},"sensitive_values":{"tags_all":{}}}]}},"resource_changes":[{"address":"aws_instance.this","mode":"managed","type":"aws_instance","name":"this","provider_name":"registry.terraform.io/hashicorp/aws","change":{"actions":["create"],"before":null,"after":{"ami":"ami-0c55825bb0a77f4cf","associate_public_ip_address":true,"credit_specification":[],"get_password_data":false,"hibernation":null,"instance_type":"t2.micro","key_name":"my_key","launch_template":[],"source_dest_check":true,"subnet_id":"subnet-0f3b2122abdf52edd","tags":{"Name":"mate-aws-grafana-lab"},"tags_all":{"Name":"mate-aws-grafana-lab"},"timeouts":null,"user_data":"2bd3ada6c540a3442e076f804f65df2a7a20960f","user_data_replace_on_change":false,"volume_tags":null,"vpc_security_group_ids":["sg-020d8de51702910c2"]},"after_unknown":{"arn":true,"availability_zone":true,"capacity_reservation_specification":true,"cpu_core_count":true,"cpu_options":true,"cpu_threads_per_core":true,"credit_specification":[],"disable_api_stop":true,"disable_api_termination":true,"ebs_block_device":true,"ebs_optimized":true,"enable_primary_ipv6":true,"enclave_options":true,"ephemeral_block_device":true,"host_id":true,"host_resource_group_arn":true,"iam_instance_profile":true,"id":true,"instance_initiated_shutdown_behavior":true,"instance_lifecycle":true,"instance_market_options":true,"instance_state":true,"ipv6_address_count":true,"ipv6_addresses":true,"launch_template":[],"maintenance_options":true,"metadata_options":true,"monitoring":true,"network_interface":true,"outpost_arn":true,"password_data":true,"placement_group":true,"placement_partition_number":true,"primary_network_interface_id":true,"private_dns":true,"private_dns_name_options":true,"private_ip":true,"public_dns":true,"public_ip":true,"root_block_device":true,"secondary_private_ips":true,"security_groups":true,"spot_instance_request_id":true,"tags":{},"tags_all":{},"tenancy":true,"user_data_base64":true,"vpc_security_group_ids":[false]},"before_sensitive":false,"after_sensitive":{"capacity_reservation_specification":[],"cpu_options":[],"credit_specification":[],"ebs_block_device":[],"enclave_options":[],"ephemeral_block_device":[],"instance_market_options":[],"ipv6_addresses":[],"launch_template":[],"maintenance_options":[],"metadata_options":[],"network_interface":[],"private_dns_name_options":[],"root_block_device":[],"secondary_private_ips":[],"security_groups":[],"tags":{},"tags_all":{},"vpc_security_group_ids":[false]}}},{"address":"aws_key_pair.my_key","mode":"managed","type":"aws_key_pair","name":"my_key","provider_name":"registry.terraform.io/hashicorp/aws","change":{"actions":["create"],"before":null,"after":{"key_name":"my_key","public_key":"ssh-rsa AAAAB3NzaC1yc2EAAAADAQABAAACAQCyALeio7OVrSe4CRJpocQgK30lcMHyYY6DoaPRxwsPK0xHifgAlVBus4qBKhoKZZLWsLzxlN6oYYznwzl1L2bzVOyMOZtBJLV6HX/H9qCjBKXSlaweJggvpe92JxgGhcro9ZnPGqGZQ5jF23PjoBpXXlbquiXpmDIkXzQR6EFbBjYZxe9I1hEP9b4514P1MnfbqEisxwrys8n7+3IrqaLXbGrEboOthyHl11FDfQ4TvvGxjkp2e+hPfpcvPNnBF02lrenHMnKlLQq+hlzKFOx3420Xw15XDfminmGlLSwQFnETlAKLCemH6bqNhx6l8sh4/2+KJ4oUftMiO+YsbQJj/rSvdFQZ+l9JKVjxTBctPgcoO8NGH+QB9a0jvIiLsRv6G6/+/H6lhBIao8hQhL2cfrrb3oW1C/FBDBz+akHBh5j1lekSSp1ZljROVwiI0UlHvcoeDi1bDgDWBwVTJvo9fwdOruOiTf/Io3332RS8naCal785368MAkQnpJ5seWrMgw4q+T42yvGUBSusntoVIA76Vm4hnjbd9sTDH4H/Xsa6mJVG0bOKdyBscqUxMsFM192rat6E4YRt0YYl2restkNzu/53UsMgu52VMz2elXENXlXCQIs+cZ7aZ76UDlsmvvJtjXqDn1MaXQDnqF00lxpes+ZcEHL6kxFnMzVxIQ== user@DESKTOP-UCL3MEG","tags":null},"after_unknown":{"arn":true,"fingerprint":true,"id":true,"key_name_prefix":true,"key_pair_id":true,"key_type":true,"tags_all":true},"before_sensitive":false,"after_sensitive":{"tags_all":{}}}}],"output_changes":{"grafana_url":{"actions":["create"],"before":null,"after_unknown":true,"before_sensitive":false,"after_sensitive":false},"instance_public_ip":{"actions":["create"],"before":null,"after_unknown":true,"before_sensitive":false,"after_sensitive":false}},"prior_state":{"format_version":"1.0","terraform_version":"1.12.2","values":{"root_module":{"resources":[{"address":"data.aws_ami.this","mode":"data","type":"aws_ami","name":"this","provider_name":"registry.terraform.io/hashicorp/aws","schema_version":0,"values":{"architecture":"x86_64","arn":"arn:aws:ec2:eu-central-1::image/ami-0c55825bb0a77f4cf","block_device_mappings":[{"device_name":"/dev/xvda","ebs":{"delete_on_termination":"true","encrypted":"false","iops":"0","snapshot_id":"snap-0849106db7cae5b73","throughput":"0","volume_initialization_rate":"0","volume_size":"8","volume_type":"gp2"},"no_device":"","virtual_name":""}],"boot_mode":"","creation_date":"2025-06-20T08:42:14.000Z","deprecation_time":"2025-09-18T08:42:00.000Z","description":"Amazon Linux 2 AMI 2.0.20250623.0 x86_64 HVM gp2","ena_support":true,"executable_users":null,"filter":[{"name":"architecture","values":["x86_64"]},{"name":"name","values":["amzn2-ami-hvm-*-gp2"]},{"name":"root-device-type","values":["ebs"]},{"name":"virtualization-type","values":["hvm"]}],"hypervisor":"xen","id":"ami-0c55825bb0a77f4cf","image_id":"ami-0c55825bb0a77f4cf","image_location":"amazon/amzn2-ami-hvm-2.0.20250623.0-x86_64-gp2","image_owner_alias":"amazon","image_type":"machine","imds_support":"","include_deprecated":false,"kernel_id":"","last_launched_time":"","most_recent":true,"name":"amzn2-ami-hvm-2.0.20250623.0-x86_64-gp2","name_regex":null,"owner_id":"137112412989","owners":["amazon"],"platform":"","platform_details":"Linux/UNIX","product_codes":[],"public":true,"ramdisk_id":"","root_device_name":"/dev/xvda","root_device_type":"ebs","root_snapshot_id":"snap-0849106db7cae5b73","sriov_net_support":"simple","state":"available","state_reason":{"code":"UNSET","message":"UNSET"},"tags":{},"timeouts":null,"tpm_support":"","uefi_data":null,"usage_operation":"RunInstances","virtualization_type":"hvm"},"sensitive_values":{"block_device_mappings":[{"ebs":{}}],"filter":[{"values":[false]},{"values":[false]},{"values":[false]},{"values":[false]}],"owners":[false],"product_codes":[],"state_reason":{},"tags":{}}}]}}},"configuration":{"provider_config":{"aws":{"name":"aws","full_name":"registry.terraform.io/hashicorp/aws","version_constraint":"~\u003e 5.0"}},"root_module":{"outputs":{"grafana_url":{"expression":{"references":["aws_instance.this.public_ip","aws_instance.this"]}},"instance_public_ip":{"expression":{"references":["aws_instance.this.public_ip","aws_instance.this"]}}},"resources":[{"address":"aws_instance.this","mode":"managed","type":"aws_instance","name":"this","provider_config_key":"aws","expressions":{"ami":{"references":["data.aws_ami.this.id","data.aws_ami.this"]},"associate_public_ip_address":{"constant_value":true},"instance_type":{"constant_value":"t2.micro"},"key_name":{"references":["aws_key_pair.my_key.key_name","aws_key_pair.my_key"]},"subnet_id":{"references":["var.subnet_id"]},"tags":{"constant_value":{"Name":"mate-aws-grafana-lab"}},"user_data":{},"vpc_security_group_ids":{"references":["var.security_group_id"]}},"schema_version":1},{"address":"aws_key_pair.my_key","mode":"managed","type":"aws_key_pair","name":"my_key","provider_config_key":"aws","expressions":{"key_name":{"constant_value":"my_key"},"public_key":{}},"schema_version":1},{"address":"data.aws_ami.this","mode":"data","type":"aws_ami","name":"this","provider_config_key":"aws","expressions":{"filter":[{"name":{"constant_value":"name"},"values":{"constant_value":["amzn2-ami-hvm-*-gp2"]}},{"name":{"constant_value":"root-device-type"},"values":{"constant_value":["ebs"]}},{"name":{"constant_value":"virtualization-type"},"values":{"constant_value":["hvm"]}},{"name":{"constant_value":"architecture"},"values":{"constant_value":["x86_64"]}}],"most_recent":{"constant_value":true},"owners":{"constant_value":["amazon"]}},"schema_version":0}],"variables":{"security_group_id":{"description":"ID of the security group, you deployed in the previous task."},"subnet_id":{"description":"ID of the VPC subnet, you deployed in the previous task."}}}},"relevant_attributes":[{"resource":"data.aws_ami.this","attribute":["id"]},{"resource":"aws_instance.this","attribute":["public_ip"]},{"resource":"aws_key_pair.my_key","attribute":["key_name"]}],"timestamp":"2025-07-14T18:34:22Z","applyable":true,"complete":true,"errored":false}
