{"format_version":"1.2","terraform_version":"1.10.3","variables":{"public_key_path":{"value":"~/.ssh/id_rsa.pub"},"security_group_id":{"value":"sg-0eeb20d7fd2eca733"},"subnet_id":{"value":"subnet-03914deb60122a473"}},"planned_values":{"outputs":{"grafana_url":{"sensitive":false},"instance_public_ip":{"sensitive":false}},"root_module":{"resources":[{"address":"aws_instance.grafana","mode":"managed","type":"aws_instance","name":"grafana","provider_name":"registry.terraform.io/hashicorp/aws","schema_version":1,"values":{"ami":"ami-01bbe8834abc36638","associate_public_ip_address":true,"credit_specification":[],"get_password_data":false,"hibernation":null,"instance_type":"t2.micro","key_name":"grafana-key","launch_template":[],"source_dest_check":true,"subnet_id":"subnet-03914deb60122a473","tags":{"Name":"mate-aws-grafana-lab"},"tags_all":{"Name":"mate-aws-grafana-lab"},"timeouts":null,"user_data":"2bd3ada6c540a3442e076f804f65df2a7a20960f","user_data_replace_on_change":false,"volume_tags":null,"vpc_security_group_ids":["sg-0eeb20d7fd2eca733"]},"sensitive_values":{"capacity_reservation_specification":[],"cpu_options":[],"credit_specification":[],"ebs_block_device":[],"enclave_options":[],"ephemeral_block_device":[],"instance_market_options":[],"ipv6_addresses":[],"launch_template":[],"maintenance_options":[],"metadata_options":[],"network_interface":[],"private_dns_name_options":[],"root_block_device":[],"secondary_private_ips":[],"security_groups":[],"tags":{},"tags_all":{},"vpc_security_group_ids":[false]}},{"address":"aws_key_pair.grafana_key","mode":"managed","type":"aws_key_pair","name":"grafana_key","provider_name":"registry.terraform.io/hashicorp/aws","schema_version":1,"values":{"key_name":"grafana-key","public_key":"ssh-rsa AAAAB3NzaC1yc2EAAAADAQABAAACAQCV+Wk/ukgnJhW+VxjBYqoq+PuT+S6fGygbw1Qjypwsj6ML4Hue4UZQOVXfBjz7+XEHnWU+HihECWsHwGaKQAaUam621R1mXrWJDTAVWREethr+7L9UFfs65tS+HOlPtQrIeje6COcNjpW/CKuh1bDss+PymoYhWqcR2/fOCGOitntdRSCmQQvGM5CuQD4hpNvGTf/YuyF3kXbt57rqU0t9iOrJ/PxkS3P+cL8BRfbFZy0Qt48Dofla0LSqPcbHfaAtS1sdW8RDZF35hePyB2snERi/vXX2OXD8hD55QNXLssZe5pC16Kp3IbIhRCsSaOzy8HhSeqpLt4/CZrrb0ZT/cQ4hLiciDlqMqLkGSxKKmKXvzckkoot3ca9m3Mknd5UjdqGMs03a8usfApNbvTRno+kDKsC5DDuwciQgZlbGR+MbOHuN0LQAkSaVp7rQ+6AvvKIuq6D58QNuscAjgFqDogt1uI5O/BFT9vXosexi8Nl6sT2WxowBrnyw7nj2DQ2eXqH4wocXSfjeTZyCc37rr98PlzgaiLsphuBtDq9hAeL0G+cOeZ9AJFnXRcWYsxjr3lQZKySknMVIg1+zNtCAWUBcolxPIrhbsRsfaWhFIouC36sYmhJl7WAxWNFYdnadUlceIn3SuMuM2hfcnc/2oSnyNV0uDGsc4lEke7gC1Q== p1tonidze422@gmail.com","tags":null},"sensitive_values":{"tags_all":{}}}]}},"resource_changes":[{"address":"aws_instance.grafana","mode":"managed","type":"aws_instance","name":"grafana","provider_name":"registry.terraform.io/hashicorp/aws","change":{"actions":["create"],"before":null,"after":{"ami":"ami-01bbe8834abc36638","associate_public_ip_address":true,"credit_specification":[],"get_password_data":false,"hibernation":null,"instance_type":"t2.micro","key_name":"grafana-key","launch_template":[],"source_dest_check":true,"subnet_id":"subnet-03914deb60122a473","tags":{"Name":"mate-aws-grafana-lab"},"tags_all":{"Name":"mate-aws-grafana-lab"},"timeouts":null,"user_data":"2bd3ada6c540a3442e076f804f65df2a7a20960f","user_data_replace_on_change":false,"volume_tags":null,"vpc_security_group_ids":["sg-0eeb20d7fd2eca733"]},"after_unknown":{"arn":true,"availability_zone":true,"capacity_reservation_specification":true,"cpu_core_count":true,"cpu_options":true,"cpu_threads_per_core":true,"credit_specification":[],"disable_api_stop":true,"disable_api_termination":true,"ebs_block_device":true,"ebs_optimized":true,"enable_primary_ipv6":true,"enclave_options":true,"ephemeral_block_device":true,"host_id":true,"host_resource_group_arn":true,"iam_instance_profile":true,"id":true,"instance_initiated_shutdown_behavior":true,"instance_lifecycle":true,"instance_market_options":true,"instance_state":true,"ipv6_address_count":true,"ipv6_addresses":true,"launch_template":[],"maintenance_options":true,"metadata_options":true,"monitoring":true,"network_interface":true,"outpost_arn":true,"password_data":true,"placement_group":true,"placement_partition_number":true,"primary_network_interface_id":true,"private_dns":true,"private_dns_name_options":true,"private_ip":true,"public_dns":true,"public_ip":true,"root_block_device":true,"secondary_private_ips":true,"security_groups":true,"spot_instance_request_id":true,"tags":{},"tags_all":{},"tenancy":true,"user_data_base64":true,"vpc_security_group_ids":[false]},"before_sensitive":false,"after_sensitive":{"capacity_reservation_specification":[],"cpu_options":[],"credit_specification":[],"ebs_block_device":[],"enclave_options":[],"ephemeral_block_device":[],"instance_market_options":[],"ipv6_addresses":[],"launch_template":[],"maintenance_options":[],"metadata_options":[],"network_interface":[],"private_dns_name_options":[],"root_block_device":[],"secondary_private_ips":[],"security_groups":[],"tags":{},"tags_all":{},"vpc_security_group_ids":[false]}}},{"address":"aws_key_pair.grafana_key","mode":"managed","type":"aws_key_pair","name":"grafana_key","provider_name":"registry.terraform.io/hashicorp/aws","change":{"actions":["create"],"before":null,"after":{"key_name":"grafana-key","public_key":"ssh-rsa AAAAB3NzaC1yc2EAAAADAQABAAACAQCV+Wk/ukgnJhW+VxjBYqoq+PuT+S6fGygbw1Qjypwsj6ML4Hue4UZQOVXfBjz7+XEHnWU+HihECWsHwGaKQAaUam621R1mXrWJDTAVWREethr+7L9UFfs65tS+HOlPtQrIeje6COcNjpW/CKuh1bDss+PymoYhWqcR2/fOCGOitntdRSCmQQvGM5CuQD4hpNvGTf/YuyF3kXbt57rqU0t9iOrJ/PxkS3P+cL8BRfbFZy0Qt48Dofla0LSqPcbHfaAtS1sdW8RDZF35hePyB2snERi/vXX2OXD8hD55QNXLssZe5pC16Kp3IbIhRCsSaOzy8HhSeqpLt4/CZrrb0ZT/cQ4hLiciDlqMqLkGSxKKmKXvzckkoot3ca9m3Mknd5UjdqGMs03a8usfApNbvTRno+kDKsC5DDuwciQgZlbGR+MbOHuN0LQAkSaVp7rQ+6AvvKIuq6D58QNuscAjgFqDogt1uI5O/BFT9vXosexi8Nl6sT2WxowBrnyw7nj2DQ2eXqH4wocXSfjeTZyCc37rr98PlzgaiLsphuBtDq9hAeL0G+cOeZ9AJFnXRcWYsxjr3lQZKySknMVIg1+zNtCAWUBcolxPIrhbsRsfaWhFIouC36sYmhJl7WAxWNFYdnadUlceIn3SuMuM2hfcnc/2oSnyNV0uDGsc4lEke7gC1Q== p1tonidze422@gmail.com","tags":null},"after_unknown":{"arn":true,"fingerprint":true,"id":true,"key_name_prefix":true,"key_pair_id":true,"key_type":true,"tags_all":true},"before_sensitive":false,"after_sensitive":{"tags_all":{}}}}],"output_changes":{"grafana_url":{"actions":["create"],"before":null,"after_unknown":true,"before_sensitive":false,"after_sensitive":false},"instance_public_ip":{"actions":["create"],"before":null,"after_unknown":true,"before_sensitive":false,"after_sensitive":false}},"prior_state":{"format_version":"1.0","terraform_version":"1.10.3","values":{"root_module":{"resources":[{"address":"data.aws_ami.this","mode":"data","type":"aws_ami","name":"this","provider_name":"registry.terraform.io/hashicorp/aws","schema_version":0,"values":{"architecture":"x86_64","arn":"arn:aws:ec2:eu-central-1::image/ami-01bbe8834abc36638","block_device_mappings":[{"device_name":"/dev/xvda","ebs":{"delete_on_termination":"true","encrypted":"false","iops":"0","snapshot_id":"snap-0a4a5f852318b8e02","throughput":"0","volume_size":"8","volume_type":"gp2"},"no_device":"","virtual_name":""}],"boot_mode":"","creation_date":"2025-04-11T01:48:51.000Z","deprecation_time":"2025-07-10T01:49:00.000Z","description":"Amazon Linux 2 AMI 2.0.20250414.0 x86_64 HVM gp2","ena_support":true,"executable_users":null,"filter":[{"name":"architecture","values":["x86_64"]},{"name":"name","values":["amzn2-ami-hvm-*-gp2"]},{"name":"root-device-type","values":["ebs"]},{"name":"virtualization-type","values":["hvm"]}],"hypervisor":"xen","id":"ami-01bbe8834abc36638","image_id":"ami-01bbe8834abc36638","image_location":"amazon/amzn2-ami-hvm-2.0.20250414.0-x86_64-gp2","image_owner_alias":"amazon","image_type":"machine","imds_support":"","include_deprecated":false,"kernel_id":"","last_launched_time":"","most_recent":true,"name":"amzn2-ami-hvm-2.0.20250414.0-x86_64-gp2","name_regex":null,"owner_id":"137112412989","owners":["amazon"],"platform":"","platform_details":"Linux/UNIX","product_codes":[],"public":true,"ramdisk_id":"","root_device_name":"/dev/xvda","root_device_type":"ebs","root_snapshot_id":"snap-0a4a5f852318b8e02","sriov_net_support":"simple","state":"available","state_reason":{"code":"UNSET","message":"UNSET"},"tags":{},"timeouts":null,"tpm_support":"","uefi_data":null,"usage_operation":"RunInstances","virtualization_type":"hvm"},"sensitive_values":{"block_device_mappings":[{"ebs":{}}],"filter":[{"values":[false]},{"values":[false]},{"values":[false]},{"values":[false]}],"owners":[false],"product_codes":[],"state_reason":{},"tags":{}}}]}}},"configuration":{"provider_config":{"aws":{"name":"aws","full_name":"registry.terraform.io/hashicorp/aws","version_constraint":"~\u003e 5.0"}},"root_module":{"outputs":{"grafana_url":{"expression":{"references":["aws_instance.grafana.public_ip","aws_instance.grafana"]}},"instance_public_ip":{"expression":{"references":["aws_instance.grafana.public_ip","aws_instance.grafana"]}}},"resources":[{"address":"aws_instance.grafana","mode":"managed","type":"aws_instance","name":"grafana","provider_config_key":"aws","expressions":{"ami":{"references":["data.aws_ami.this.id","data.aws_ami.this"]},"associate_public_ip_address":{"constant_value":true},"instance_type":{"constant_value":"t2.micro"},"key_name":{"references":["aws_key_pair.grafana_key.key_name","aws_key_pair.grafana_key"]},"subnet_id":{"references":["var.subnet_id"]},"tags":{"constant_value":{"Name":"mate-aws-grafana-lab"}},"user_data":{},"vpc_security_group_ids":{"references":["var.security_group_id"]}},"schema_version":1},{"address":"aws_key_pair.grafana_key","mode":"managed","type":"aws_key_pair","name":"grafana_key","provider_config_key":"aws","expressions":{"key_name":{"constant_value":"grafana-key"},"public_key":{"references":["var.public_key_path"]}},"schema_version":1},{"address":"data.aws_ami.this","mode":"data","type":"aws_ami","name":"this","provider_config_key":"aws","expressions":{"filter":[{"name":{"constant_value":"name"},"values":{"constant_value":["amzn2-ami-hvm-*-gp2"]}},{"name":{"constant_value":"root-device-type"},"values":{"constant_value":["ebs"]}},{"name":{"constant_value":"virtualization-type"},"values":{"constant_value":["hvm"]}},{"name":{"constant_value":"architecture"},"values":{"constant_value":["x86_64"]}}],"most_recent":{"constant_value":true},"owners":{"constant_value":["amazon"]}},"schema_version":0}],"variables":{"public_key_path":{"description":"The path to the public SSH key"},"security_group_id":{"description":"ID of the security group, you deployed in the previous task."},"subnet_id":{"description":"ID of the VPC subnet, you deployed in the previous task."}}}},"relevant_attributes":[{"resource":"aws_key_pair.grafana_key","attribute":["key_name"]},{"resource":"data.aws_ami.this","attribute":["id"]},{"resource":"aws_instance.grafana","attribute":["public_ip"]}],"timestamp":"2025-04-23T10:47:31Z","applyable":true,"complete":true,"errored":false}
