{"format_version":"1.2","terraform_version":"1.10.3","variables":{"security_group_id":{"value":"sg-086814e7b4a0fbc05"},"subnet_id":{"value":"subnet-0bda938f684cebd13"}},"planned_values":{"outputs":{"grafana_url":{"sensitive":false},"instance_public_ip":{"sensitive":false}},"root_module":{"resources":[{"address":"aws_instance.this","mode":"managed","type":"aws_instance","name":"this","provider_name":"registry.terraform.io/hashicorp/aws","schema_version":1,"values":{"ami":"ami-014eb100f18a84d89","associate_public_ip_address":true,"credit_specification":[],"get_password_data":false,"hibernation":null,"instance_type":"t2.micro","key_name":"local_key","launch_template":[],"source_dest_check":true,"subnet_id":"subnet-0bda938f684cebd13","tags":{"Name":"mate-aws-grafana-lab"},"tags_all":{"Name":"mate-aws-grafana-lab"},"timeouts":null,"user_data":"1d2b7dd69a54a42903251dab442f73a97ddf5598","user_data_replace_on_change":false,"volume_tags":null,"vpc_security_group_ids":["sg-086814e7b4a0fbc05"]},"sensitive_values":{"capacity_reservation_specification":[],"cpu_options":[],"credit_specification":[],"ebs_block_device":[],"enclave_options":[],"ephemeral_block_device":[],"instance_market_options":[],"ipv6_addresses":[],"launch_template":[],"maintenance_options":[],"metadata_options":[],"network_interface":[],"private_dns_name_options":[],"root_block_device":[],"secondary_private_ips":[],"security_groups":[],"tags":{},"tags_all":{},"vpc_security_group_ids":[false]}},{"address":"aws_key_pair.this","mode":"managed","type":"aws_key_pair","name":"this","provider_name":"registry.terraform.io/hashicorp/aws","schema_version":1,"values":{"key_name":"local_key","public_key":"-----BEGIN RSA PRIVATE KEY-----\nMIIEowIBAAKCAQEAyQqQk5JSOAWyt+bXyXmMi4P69beZi0FlROuUWGX6oUpBpjaK\nPOLPhmvKZmZExVaELm0AHI3Ve2EJ6DuxaVQOKcN/p+vrkQo1P5ukFwOnsaDnkUOc\nc+HvzXuDKu9GnzT3Gia5z1dphWzurX4aPhO+aLFjGc8cK/JEVkO2hrIoWo3+cTlc\nkRL3KF2iu0uBLBQqOvAZ06XC7p9Yni9fb/miuZkZOcjwdxuTmDp8hlSKxDGz6EOm\n80Ead8G4Y4sanebkJabvwycH4b3Nft5z4JOzJv8h+IWH0kSi38AXX0gMEAMwmw8B\njT/JcXeu0bV6BNwJG/zppj8o4/wo0z9Q5G9BzQIDAQABAoIBAHVhtsKDJ4BQS2Y2\n4X1ge+Al4ky/s2Xse+1+wzHN8UVlLumWZKZiI5svqpCZW8QA3NKij/McGS6dnQQ8\nfjyqeE6IOCvagsM/u5F1FZzeZHZBJZPabyn2HGbUm+RgqtJgQXrCa7EVL6ZY0Q75\nVucx7fYAxIUYOTGrlZzsklEZCpi70HigSCdwYW1DT6p91idK9dC7O5whxHI8TRO3\nFrgA/sVOaMniXxoMAMduhi0vwyhCbEx4fvMwx1GOydMdzi1jO7htCJU2UAtvIQTA\nPxsyquNWx+YhkbOSfH6K0ThRxwe1E2ud9g2lGbZk58wEAOnxMJ/TbddmjpnLeqZD\nS2OuymECgYEA6J1ZOsZWqh5q91KvaWaBNESjNo+bxag8M53G7KrNSkcRIbfUEfNy\nAwdr7v/enBKTCFoqKVFja9TvfVKFUUewIb7IEGzjOAJFHYx0riqgY/1EUpurSWul\niVDEQ4AbuT9r0x8GT8Wva4Xt8gQjao8jjEspIsfNNbYXt6oPl5CVurUCgYEA3UCi\nAiYzQNvBAj+iu121SZQASGfUOSAWcIAP9gSGRsiE1c6lIrmCz0NfYnZicsIKUyv2\nbLcD9A0YGAKzjjACm9CrvT+zGEhTWKkuPL8LPUzXkBZm1tKL28Ef46qYUGxU2AK5\nlc99o36k+NPw4YFcYvwcxpNg6PYD77v4MObCIbkCgYEAwgeOCHKsk5ZvzwFPg/GW\n0Ix4P+imHMdp//wZlAwc1VpWNfPql1ajwVcNdvxDKZhswMjE5lYXQjkJ01VkExpj\nFqLWqqzJE00BbdZc9XJk+0KlHOrwg3uhRtrx+wP/HBSE0kPMtfnFi0DZ68f76sSe\n+EUxeOuEhsrvGapm+xwFaQkCgYA8HOlniBV407wW7k86dPViblG9WmhwtOUj38d2\nYjhRVv2wUZrQWnLN+VIbIGsTHuFLQ7CKTRdH4Z7gNyutwCGVUBa5Lmtsd4odlqm3\nW3ikSRJwVYXPbBkPteMCKkGD6EsM/YCK0XsjRq9v47WYr1r4keMHmNdFtEHRitKe\nBrRMEQKBgD8OIMN9UUlSJDhXX52dS2Yws0vLbMwOEQEwYEkK471Jdt5K5/eP2dzW\noCuRgenrOi4LR2TCwGBeJHqhrhWGVXPwAlOp6ZqQFRyFkpiwvLmt/6g6mSzPtuF1\n0pY7GL4x7K9bSrEWYbvPCRGiABnhRFbswp2xWr3twlxeNstpOi6w\n-----END RSA PRIVATE KEY-----","tags":null},"sensitive_values":{"tags_all":{}}}]}},"resource_changes":[{"address":"aws_instance.this","mode":"managed","type":"aws_instance","name":"this","provider_name":"registry.terraform.io/hashicorp/aws","change":{"actions":["create"],"before":null,"after":{"ami":"ami-014eb100f18a84d89","associate_public_ip_address":true,"credit_specification":[],"get_password_data":false,"hibernation":null,"instance_type":"t2.micro","key_name":"local_key","launch_template":[],"source_dest_check":true,"subnet_id":"subnet-0bda938f684cebd13","tags":{"Name":"mate-aws-grafana-lab"},"tags_all":{"Name":"mate-aws-grafana-lab"},"timeouts":null,"user_data":"1d2b7dd69a54a42903251dab442f73a97ddf5598","user_data_replace_on_change":false,"volume_tags":null,"vpc_security_group_ids":["sg-086814e7b4a0fbc05"]},"after_unknown":{"arn":true,"availability_zone":true,"capacity_reservation_specification":true,"cpu_core_count":true,"cpu_options":true,"cpu_threads_per_core":true,"credit_specification":[],"disable_api_stop":true,"disable_api_termination":true,"ebs_block_device":true,"ebs_optimized":true,"enable_primary_ipv6":true,"enclave_options":true,"ephemeral_block_device":true,"host_id":true,"host_resource_group_arn":true,"iam_instance_profile":true,"id":true,"instance_initiated_shutdown_behavior":true,"instance_lifecycle":true,"instance_market_options":true,"instance_state":true,"ipv6_address_count":true,"ipv6_addresses":true,"launch_template":[],"maintenance_options":true,"metadata_options":true,"monitoring":true,"network_interface":true,"outpost_arn":true,"password_data":true,"placement_group":true,"placement_partition_number":true,"primary_network_interface_id":true,"private_dns":true,"private_dns_name_options":true,"private_ip":true,"public_dns":true,"public_ip":true,"root_block_device":true,"secondary_private_ips":true,"security_groups":true,"spot_instance_request_id":true,"tags":{},"tags_all":{},"tenancy":true,"user_data_base64":true,"vpc_security_group_ids":[false]},"before_sensitive":false,"after_sensitive":{"capacity_reservation_specification":[],"cpu_options":[],"credit_specification":[],"ebs_block_device":[],"enclave_options":[],"ephemeral_block_device":[],"instance_market_options":[],"ipv6_addresses":[],"launch_template":[],"maintenance_options":[],"metadata_options":[],"network_interface":[],"private_dns_name_options":[],"root_block_device":[],"secondary_private_ips":[],"security_groups":[],"tags":{},"tags_all":{},"vpc_security_group_ids":[false]}}},{"address":"aws_key_pair.this","mode":"managed","type":"aws_key_pair","name":"this","provider_name":"registry.terraform.io/hashicorp/aws","change":{"actions":["create"],"before":null,"after":{"key_name":"local_key","public_key":"-----BEGIN RSA PRIVATE KEY-----\nMIIEowIBAAKCAQEAyQqQk5JSOAWyt+bXyXmMi4P69beZi0FlROuUWGX6oUpBpjaK\nPOLPhmvKZmZExVaELm0AHI3Ve2EJ6DuxaVQOKcN/p+vrkQo1P5ukFwOnsaDnkUOc\nc+HvzXuDKu9GnzT3Gia5z1dphWzurX4aPhO+aLFjGc8cK/JEVkO2hrIoWo3+cTlc\nkRL3KF2iu0uBLBQqOvAZ06XC7p9Yni9fb/miuZkZOcjwdxuTmDp8hlSKxDGz6EOm\n80Ead8G4Y4sanebkJabvwycH4b3Nft5z4JOzJv8h+IWH0kSi38AXX0gMEAMwmw8B\njT/JcXeu0bV6BNwJG/zppj8o4/wo0z9Q5G9BzQIDAQABAoIBAHVhtsKDJ4BQS2Y2\n4X1ge+Al4ky/s2Xse+1+wzHN8UVlLumWZKZiI5svqpCZW8QA3NKij/McGS6dnQQ8\nfjyqeE6IOCvagsM/u5F1FZzeZHZBJZPabyn2HGbUm+RgqtJgQXrCa7EVL6ZY0Q75\nVucx7fYAxIUYOTGrlZzsklEZCpi70HigSCdwYW1DT6p91idK9dC7O5whxHI8TRO3\nFrgA/sVOaMniXxoMAMduhi0vwyhCbEx4fvMwx1GOydMdzi1jO7htCJU2UAtvIQTA\nPxsyquNWx+YhkbOSfH6K0ThRxwe1E2ud9g2lGbZk58wEAOnxMJ/TbddmjpnLeqZD\nS2OuymECgYEA6J1ZOsZWqh5q91KvaWaBNESjNo+bxag8M53G7KrNSkcRIbfUEfNy\nAwdr7v/enBKTCFoqKVFja9TvfVKFUUewIb7IEGzjOAJFHYx0riqgY/1EUpurSWul\niVDEQ4AbuT9r0x8GT8Wva4Xt8gQjao8jjEspIsfNNbYXt6oPl5CVurUCgYEA3UCi\nAiYzQNvBAj+iu121SZQASGfUOSAWcIAP9gSGRsiE1c6lIrmCz0NfYnZicsIKUyv2\nbLcD9A0YGAKzjjACm9CrvT+zGEhTWKkuPL8LPUzXkBZm1tKL28Ef46qYUGxU2AK5\nlc99o36k+NPw4YFcYvwcxpNg6PYD77v4MObCIbkCgYEAwgeOCHKsk5ZvzwFPg/GW\n0Ix4P+imHMdp//wZlAwc1VpWNfPql1ajwVcNdvxDKZhswMjE5lYXQjkJ01VkExpj\nFqLWqqzJE00BbdZc9XJk+0KlHOrwg3uhRtrx+wP/HBSE0kPMtfnFi0DZ68f76sSe\n+EUxeOuEhsrvGapm+xwFaQkCgYA8HOlniBV407wW7k86dPViblG9WmhwtOUj38d2\nYjhRVv2wUZrQWnLN+VIbIGsTHuFLQ7CKTRdH4Z7gNyutwCGVUBa5Lmtsd4odlqm3\nW3ikSRJwVYXPbBkPteMCKkGD6EsM/YCK0XsjRq9v47WYr1r4keMHmNdFtEHRitKe\nBrRMEQKBgD8OIMN9UUlSJDhXX52dS2Yws0vLbMwOEQEwYEkK471Jdt5K5/eP2dzW\noCuRgenrOi4LR2TCwGBeJHqhrhWGVXPwAlOp6ZqQFRyFkpiwvLmt/6g6mSzPtuF1\n0pY7GL4x7K9bSrEWYbvPCRGiABnhRFbswp2xWr3twlxeNstpOi6w\n-----END RSA PRIVATE KEY-----","tags":null},"after_unknown":{"arn":true,"fingerprint":true,"id":true,"key_name_prefix":true,"key_pair_id":true,"key_type":true,"tags_all":true},"before_sensitive":false,"after_sensitive":{"tags_all":{}}}}],"output_changes":{"grafana_url":{"actions":["create"],"before":null,"after_unknown":true,"before_sensitive":false,"after_sensitive":false},"instance_public_ip":{"actions":["create"],"before":null,"after_unknown":true,"before_sensitive":false,"after_sensitive":false}},"prior_state":{"format_version":"1.0","terraform_version":"1.10.3","values":{"root_module":{"resources":[{"address":"data.aws_ami.this","mode":"data","type":"aws_ami","name":"this","provider_name":"registry.terraform.io/hashicorp/aws","schema_version":0,"values":{"architecture":"x86_64","arn":"arn:aws:ec2:eu-central-1::image/ami-014eb100f18a84d89","block_device_mappings":[{"device_name":"/dev/xvda","ebs":{"delete_on_termination":"true","encrypted":"false","iops":"0","snapshot_id":"snap-04501434a8baa19a5","throughput":"0","volume_size":"8","volume_type":"gp2"},"no_device":"","virtual_name":""}],"boot_mode":"","creation_date":"2025-02-20T22:37:31.000Z","deprecation_time":"2025-07-01T00:00:00.000Z","description":"Amazon Linux 2 AMI 2.0.20250220.0 x86_64 HVM gp2","ena_support":true,"executable_users":null,"filter":[{"name":"architecture","values":["x86_64"]},{"name":"name","values":["amzn2-ami-hvm-*-gp2"]},{"name":"root-device-type","values":["ebs"]},{"name":"virtualization-type","values":["hvm"]}],"hypervisor":"xen","id":"ami-014eb100f18a84d89","image_id":"ami-014eb100f18a84d89","image_location":"amazon/amzn2-ami-hvm-2.0.20250220.0-x86_64-gp2","image_owner_alias":"amazon","image_type":"machine","imds_support":"","include_deprecated":false,"kernel_id":"","most_recent":true,"name":"amzn2-ami-hvm-2.0.20250220.0-x86_64-gp2","name_regex":null,"owner_id":"137112412989","owners":["amazon"],"platform":"","platform_details":"Linux/UNIX","product_codes":[],"public":true,"ramdisk_id":"","root_device_name":"/dev/xvda","root_device_type":"ebs","root_snapshot_id":"snap-04501434a8baa19a5","sriov_net_support":"simple","state":"available","state_reason":{"code":"UNSET","message":"UNSET"},"tags":{},"timeouts":null,"tpm_support":"","uefi_data":null,"usage_operation":"RunInstances","virtualization_type":"hvm"},"sensitive_values":{"block_device_mappings":[{"ebs":{}}],"filter":[{"values":[false]},{"values":[false]},{"values":[false]},{"values":[false]}],"owners":[false],"product_codes":[],"state_reason":{},"tags":{}}}]}}},"configuration":{"provider_config":{"aws":{"name":"aws","full_name":"registry.terraform.io/hashicorp/aws","version_constraint":"~\u003e 5.0"}},"root_module":{"outputs":{"grafana_url":{"expression":{"references":["aws_instance.this.public_ip","aws_instance.this"]}},"instance_public_ip":{"expression":{"references":["aws_instance.this.public_ip","aws_instance.this"]}}},"resources":[{"address":"aws_instance.this","mode":"managed","type":"aws_instance","name":"this","provider_config_key":"aws","expressions":{"ami":{"references":["data.aws_ami.this.id","data.aws_ami.this"]},"associate_public_ip_address":{"constant_value":true},"instance_type":{"constant_value":"t2.micro"},"key_name":{"references":["aws_key_pair.this.key_name","aws_key_pair.this"]},"subnet_id":{"references":["var.subnet_id"]},"tags":{"constant_value":{"Name":"mate-aws-grafana-lab"}},"user_data":{},"vpc_security_group_ids":{"references":["var.security_group_id"]}},"schema_version":1},{"address":"aws_key_pair.this","mode":"managed","type":"aws_key_pair","name":"this","provider_config_key":"aws","expressions":{"key_name":{"constant_value":"local_key"},"public_key":{}},"schema_version":1},{"address":"data.aws_ami.this","mode":"data","type":"aws_ami","name":"this","provider_config_key":"aws","expressions":{"filter":[{"name":{"constant_value":"name"},"values":{"constant_value":["amzn2-ami-hvm-*-gp2"]}},{"name":{"constant_value":"root-device-type"},"values":{"constant_value":["ebs"]}},{"name":{"constant_value":"virtualization-type"},"values":{"constant_value":["hvm"]}},{"name":{"constant_value":"architecture"},"values":{"constant_value":["x86_64"]}}],"most_recent":{"constant_value":true},"owners":{"constant_value":["amazon"]}},"schema_version":0}],"variables":{"security_group_id":{"description":"ID of the security group, you deployed in the previous task."},"subnet_id":{"description":"ID of the VPC subnet, you deployed in the previous task."}}}},"relevant_attributes":[{"resource":"aws_key_pair.this","attribute":["key_name"]},{"resource":"data.aws_ami.this","attribute":["id"]},{"resource":"aws_instance.this","attribute":["public_ip"]}],"timestamp":"2025-02-28T19:33:51Z","applyable":true,"complete":true,"errored":false}
