{"format_version":"1.2","terraform_version":"1.10.2","variables":{"security_group_id":{"value":"sg-0ef1099b9ba227ddd"},"subnet_id":{"value":"subnet-096cea5aed96b7e71"}},"planned_values":{"outputs":{"grafana_url":{"sensitive":false},"instance_public_ip":{"sensitive":false}},"root_module":{"resources":[{"address":"aws_instance.this","mode":"managed","type":"aws_instance","name":"this","provider_name":"registry.terraform.io/hashicorp/aws","schema_version":1,"values":{"ami":"ami-07cb013c9ecc583f0","associate_public_ip_address":true,"credit_specification":[],"get_password_data":false,"hibernation":null,"instance_type":"t2.micro","key_name":"aws-grafana-lab-key","launch_template":[],"source_dest_check":true,"subnet_id":"subnet-096cea5aed96b7e71","tags":{"Name":"mate-aws-grafana-lab"},"tags_all":{"Name":"mate-aws-grafana-lab"},"timeouts":null,"user_data":"1d2b7dd69a54a42903251dab442f73a97ddf5598","user_data_replace_on_change":false,"volume_tags":null,"vpc_security_group_ids":["sg-0ef1099b9ba227ddd"]},"sensitive_values":{"capacity_reservation_specification":[],"cpu_options":[],"credit_specification":[],"ebs_block_device":[],"enclave_options":[],"ephemeral_block_device":[],"instance_market_options":[],"ipv6_addresses":[],"launch_template":[],"maintenance_options":[],"metadata_options":[],"network_interface":[],"private_dns_name_options":[],"root_block_device":[],"secondary_private_ips":[],"security_groups":[],"tags":{},"tags_all":{},"vpc_security_group_ids":[false]}},{"address":"aws_key_pair.this","mode":"managed","type":"aws_key_pair","name":"this","provider_name":"registry.terraform.io/hashicorp/aws","schema_version":1,"values":{"key_name":"aws-grafana-lab-key","public_key":"ssh-rsa AAAAB3NzaC1yc2EAAAADAQABAAACAQDW/JHkXbqtqeDabuS6Zn++U1GDeogd66xkhdcLsSjmD1Tl0HH2AdS0+Lt2+hrbLS14laixsQRzfW2SnBtcuPVZqmBD8fLnGiJIjjobs592IB76sODZced4uUXmnJ6lmpj44BAvHH11RdPID/GME75gO4rcaLT9/02wUW58HRxzCiFJN0fcr2yKVTimDnSr3CGKRHcTG5Q3MdIxOL4XP9NbxDBDBwxTJNziKdquCjoz/ZqW0RVzbySuJFgPRjFufw6XiBjTL0CETKcsgMc0ztQ8f64aUNlzfk3v9f2WBro4kejTjvVS/VmeyJcYGBm20cIYDhVakjP6uUJMdJbFpqxs+4z6fIOryaJOl4JxTruEDVr+6ltTvQ0yWz9V/dC45jthZusMX5PZovQqMbkhqx4aph4baRdNqjBNZgClws9nhUL3kOq1uk65ovRDn+IiZcVg5E/D7gSJZ+P7w4G+AGbbeeUXCe3AW2bVMUw/VJER3kJ/4DetmNDMs1zNfbRXqjnI91gU74odfVT+ErW1HRoVE8eUl8UKc2c+rue5cjC+OO7Cgtg/rNV389wzSPHfcQfEP3lXi4GHBOh0flsLAuSXccPY7mWbMPpzzPgGjp9WDB6pwceMP59fyaxCY4FzXNyHN8tnAs+GHxH5gv6DvDM7n2Bk/Th4axYicZ94+27Ihw== bohdan.id27182@outlook.com","tags":{"Name":"mate-aws-grafana-lab"},"tags_all":{"Name":"mate-aws-grafana-lab"}},"sensitive_values":{"tags":{},"tags_all":{}}}]}},"resource_drift":[{"address":"aws_instance.this","mode":"managed","type":"aws_instance","name":"this","provider_name":"registry.terraform.io/hashicorp/aws","change":{"actions":["delete"],"before":{"ami":"ami-0ca50f9d8d19bf076","arn":"arn:aws:ec2:eu-central-1:762233728792:instance/i-08a83176d0fa91ed3","associate_public_ip_address":true,"availability_zone":"eu-central-1c","capacity_reservation_specification":[{"capacity_reservation_preference":"open","capacity_reservation_target":[]}],"cpu_core_count":1,"cpu_options":[{"amd_sev_snp":"","core_count":1,"threads_per_core":1}],"cpu_threads_per_core":1,"credit_specification":[{"cpu_credits":"standard"}],"disable_api_stop":false,"disable_api_termination":false,"ebs_block_device":[],"ebs_optimized":false,"enable_primary_ipv6":null,"enclave_options":[{"enabled":false}],"ephemeral_block_device":[],"get_password_data":false,"hibernation":false,"host_id":"","host_resource_group_arn":null,"iam_instance_profile":"EC2CloudWatchAgentRole","id":"i-08a83176d0fa91ed3","instance_initiated_shutdown_behavior":"stop","instance_lifecycle":"","instance_market_options":[],"instance_state":"running","instance_type":"t2.micro","ipv6_address_count":0,"ipv6_addresses":[],"key_name":"aws-grafana-lab-key","launch_template":[],"maintenance_options":[{"auto_recovery":"default"}],"metadata_options":[{"http_endpoint":"enabled","http_protocol_ipv6":"disabled","http_put_response_hop_limit":1,"http_tokens":"optional","instance_metadata_tags":"disabled"}],"monitoring":false,"network_interface":[],"outpost_arn":"","password_data":"","placement_group":"","placement_partition_number":0,"primary_network_interface_id":"eni-0bae7a4b5e9903032","private_dns":"ip-10-0-0-91.eu-central-1.compute.internal","private_dns_name_options":[{"enable_resource_name_dns_a_record":false,"enable_resource_name_dns_aaaa_record":false,"hostname_type":"ip-name"}],"private_ip":"10.0.0.91","public_dns":"","public_ip":"18.196.174.123","root_block_device":[{"delete_on_termination":true,"device_name":"/dev/xvda","encrypted":false,"iops":100,"kms_key_id":"","tags":{},"tags_all":{},"throughput":0,"volume_id":"vol-0067697e5ef5c4833","volume_size":8,"volume_type":"gp2"}],"secondary_private_ips":[],"security_groups":[],"source_dest_check":true,"spot_instance_request_id":"","subnet_id":"subnet-096cea5aed96b7e71","tags":{"Name":"mate-aws-grafana-lab"},"tags_all":{"Name":"mate-aws-grafana-lab"},"tenancy":"default","timeouts":null,"user_data":"1d2b7dd69a54a42903251dab442f73a97ddf5598","user_data_base64":null,"user_data_replace_on_change":false,"volume_tags":null,"vpc_security_group_ids":["sg-0ef1099b9ba227ddd"]},"after":null,"after_unknown":{},"before_sensitive":{"capacity_reservation_specification":[{"capacity_reservation_target":[]}],"cpu_options":[{}],"credit_specification":[{}],"ebs_block_device":[],"enclave_options":[{}],"ephemeral_block_device":[],"instance_market_options":[],"ipv6_addresses":[],"launch_template":[],"maintenance_options":[{}],"metadata_options":[{}],"network_interface":[],"private_dns_name_options":[{}],"root_block_device":[{"tags":{},"tags_all":{}}],"secondary_private_ips":[],"security_groups":[],"tags":{},"tags_all":{},"vpc_security_group_ids":[false]},"after_sensitive":false}},{"address":"aws_key_pair.this","mode":"managed","type":"aws_key_pair","name":"this","provider_name":"registry.terraform.io/hashicorp/aws","change":{"actions":["delete"],"before":{"arn":"arn:aws:ec2:eu-central-1:762233728792:key-pair/aws-grafana-lab-key","fingerprint":"ef:7d:d3:a5:fa:a4:d3:98:12:37:b6:d1:d5:e9:4e:f0","id":"aws-grafana-lab-key","key_name":"aws-grafana-lab-key","key_name_prefix":"","key_pair_id":"key-07825a73db9090fe9","key_type":"rsa","public_key":"ssh-rsa AAAAB3NzaC1yc2EAAAADAQABAAACAQDW/JHkXbqtqeDabuS6Zn++U1GDeogd66xkhdcLsSjmD1Tl0HH2AdS0+Lt2+hrbLS14laixsQRzfW2SnBtcuPVZqmBD8fLnGiJIjjobs592IB76sODZced4uUXmnJ6lmpj44BAvHH11RdPID/GME75gO4rcaLT9/02wUW58HRxzCiFJN0fcr2yKVTimDnSr3CGKRHcTG5Q3MdIxOL4XP9NbxDBDBwxTJNziKdquCjoz/ZqW0RVzbySuJFgPRjFufw6XiBjTL0CETKcsgMc0ztQ8f64aUNlzfk3v9f2WBro4kejTjvVS/VmeyJcYGBm20cIYDhVakjP6uUJMdJbFpqxs+4z6fIOryaJOl4JxTruEDVr+6ltTvQ0yWz9V/dC45jthZusMX5PZovQqMbkhqx4aph4baRdNqjBNZgClws9nhUL3kOq1uk65ovRDn+IiZcVg5E/D7gSJZ+P7w4G+AGbbeeUXCe3AW2bVMUw/VJER3kJ/4DetmNDMs1zNfbRXqjnI91gU74odfVT+ErW1HRoVE8eUl8UKc2c+rue5cjC+OO7Cgtg/rNV389wzSPHfcQfEP3lXi4GHBOh0flsLAuSXccPY7mWbMPpzzPgGjp9WDB6pwceMP59fyaxCY4FzXNyHN8tnAs+GHxH5gv6DvDM7n2Bk/Th4axYicZ94+27Ihw== bohdan.id27182@outlook.com","tags":{"Name":"mate-aws-grafana-lab"},"tags_all":{"Name":"mate-aws-grafana-lab"}},"after":null,"after_unknown":{},"before_sensitive":{"tags":{},"tags_all":{}},"after_sensitive":false}}],"resource_changes":[{"address":"aws_instance.this","mode":"managed","type":"aws_instance","name":"this","provider_name":"registry.terraform.io/hashicorp/aws","change":{"actions":["create"],"before":null,"after":{"ami":"ami-07cb013c9ecc583f0","associate_public_ip_address":true,"credit_specification":[],"get_password_data":false,"hibernation":null,"instance_type":"t2.micro","key_name":"aws-grafana-lab-key","launch_template":[],"source_dest_check":true,"subnet_id":"subnet-096cea5aed96b7e71","tags":{"Name":"mate-aws-grafana-lab"},"tags_all":{"Name":"mate-aws-grafana-lab"},"timeouts":null,"user_data":"1d2b7dd69a54a42903251dab442f73a97ddf5598","user_data_replace_on_change":false,"volume_tags":null,"vpc_security_group_ids":["sg-0ef1099b9ba227ddd"]},"after_unknown":{"arn":true,"availability_zone":true,"capacity_reservation_specification":true,"cpu_core_count":true,"cpu_options":true,"cpu_threads_per_core":true,"credit_specification":[],"disable_api_stop":true,"disable_api_termination":true,"ebs_block_device":true,"ebs_optimized":true,"enable_primary_ipv6":true,"enclave_options":true,"ephemeral_block_device":true,"host_id":true,"host_resource_group_arn":true,"iam_instance_profile":true,"id":true,"instance_initiated_shutdown_behavior":true,"instance_lifecycle":true,"instance_market_options":true,"instance_state":true,"ipv6_address_count":true,"ipv6_addresses":true,"launch_template":[],"maintenance_options":true,"metadata_options":true,"monitoring":true,"network_interface":true,"outpost_arn":true,"password_data":true,"placement_group":true,"placement_partition_number":true,"primary_network_interface_id":true,"private_dns":true,"private_dns_name_options":true,"private_ip":true,"public_dns":true,"public_ip":true,"root_block_device":true,"secondary_private_ips":true,"security_groups":true,"spot_instance_request_id":true,"tags":{},"tags_all":{},"tenancy":true,"user_data_base64":true,"vpc_security_group_ids":[false]},"before_sensitive":false,"after_sensitive":{"capacity_reservation_specification":[],"cpu_options":[],"credit_specification":[],"ebs_block_device":[],"enclave_options":[],"ephemeral_block_device":[],"instance_market_options":[],"ipv6_addresses":[],"launch_template":[],"maintenance_options":[],"metadata_options":[],"network_interface":[],"private_dns_name_options":[],"root_block_device":[],"secondary_private_ips":[],"security_groups":[],"tags":{},"tags_all":{},"vpc_security_group_ids":[false]}}},{"address":"aws_key_pair.this","mode":"managed","type":"aws_key_pair","name":"this","provider_name":"registry.terraform.io/hashicorp/aws","change":{"actions":["create"],"before":null,"after":{"key_name":"aws-grafana-lab-key","public_key":"ssh-rsa AAAAB3NzaC1yc2EAAAADAQABAAACAQDW/JHkXbqtqeDabuS6Zn++U1GDeogd66xkhdcLsSjmD1Tl0HH2AdS0+Lt2+hrbLS14laixsQRzfW2SnBtcuPVZqmBD8fLnGiJIjjobs592IB76sODZced4uUXmnJ6lmpj44BAvHH11RdPID/GME75gO4rcaLT9/02wUW58HRxzCiFJN0fcr2yKVTimDnSr3CGKRHcTG5Q3MdIxOL4XP9NbxDBDBwxTJNziKdquCjoz/ZqW0RVzbySuJFgPRjFufw6XiBjTL0CETKcsgMc0ztQ8f64aUNlzfk3v9f2WBro4kejTjvVS/VmeyJcYGBm20cIYDhVakjP6uUJMdJbFpqxs+4z6fIOryaJOl4JxTruEDVr+6ltTvQ0yWz9V/dC45jthZusMX5PZovQqMbkhqx4aph4baRdNqjBNZgClws9nhUL3kOq1uk65ovRDn+IiZcVg5E/D7gSJZ+P7w4G+AGbbeeUXCe3AW2bVMUw/VJER3kJ/4DetmNDMs1zNfbRXqjnI91gU74odfVT+ErW1HRoVE8eUl8UKc2c+rue5cjC+OO7Cgtg/rNV389wzSPHfcQfEP3lXi4GHBOh0flsLAuSXccPY7mWbMPpzzPgGjp9WDB6pwceMP59fyaxCY4FzXNyHN8tnAs+GHxH5gv6DvDM7n2Bk/Th4axYicZ94+27Ihw== bohdan.id27182@outlook.com","tags":{"Name":"mate-aws-grafana-lab"},"tags_all":{"Name":"mate-aws-grafana-lab"}},"after_unknown":{"arn":true,"fingerprint":true,"id":true,"key_name_prefix":true,"key_pair_id":true,"key_type":true,"tags":{},"tags_all":{}},"before_sensitive":false,"after_sensitive":{"tags":{},"tags_all":{}}}}],"output_changes":{"grafana_url":{"actions":["update"],"before":"http://18.196.174.123:3000/","after_unknown":true,"before_sensitive":false,"after_sensitive":false},"instance_public_ip":{"actions":["update"],"before":"18.196.174.123","after_unknown":true,"before_sensitive":false,"after_sensitive":false}},"prior_state":{"format_version":"1.0","terraform_version":"1.10.2","values":{"outputs":{"grafana_url":{"sensitive":false,"value":"http://18.196.174.123:3000/","type":"string"},"instance_public_ip":{"sensitive":false,"value":"18.196.174.123","type":"string"}},"root_module":{"resources":[{"address":"data.aws_ami.this","mode":"data","type":"aws_ami","name":"this","provider_name":"registry.terraform.io/hashicorp/aws","schema_version":0,"values":{"architecture":"x86_64","arn":"arn:aws:ec2:eu-central-1::image/ami-07cb013c9ecc583f0","block_device_mappings":[{"device_name":"/dev/xvda","ebs":{"delete_on_termination":"true","encrypted":"false","iops":"0","snapshot_id":"snap-08448f8a1b23535cf","throughput":"0","volume_size":"8","volume_type":"gp2"},"no_device":"","virtual_name":""}],"boot_mode":"","creation_date":"2025-02-01T08:25:18.000Z","deprecation_time":"2025-07-01T00:00:00.000Z","description":"Amazon Linux 2 AMI 2.0.20250201.0 x86_64 HVM gp2","ena_support":true,"executable_users":null,"filter":[{"name":"architecture","values":["x86_64"]},{"name":"name","values":["amzn2-ami-hvm-*-gp2"]},{"name":"root-device-type","values":["ebs"]},{"name":"virtualization-type","values":["hvm"]}],"hypervisor":"xen","id":"ami-07cb013c9ecc583f0","image_id":"ami-07cb013c9ecc583f0","image_location":"amazon/amzn2-ami-hvm-2.0.20250201.0-x86_64-gp2","image_owner_alias":"amazon","image_type":"machine","imds_support":"","include_deprecated":false,"kernel_id":"","most_recent":true,"name":"amzn2-ami-hvm-2.0.20250201.0-x86_64-gp2","name_regex":null,"owner_id":"137112412989","owners":["amazon"],"platform":"","platform_details":"Linux/UNIX","product_codes":[],"public":true,"ramdisk_id":"","root_device_name":"/dev/xvda","root_device_type":"ebs","root_snapshot_id":"snap-08448f8a1b23535cf","sriov_net_support":"simple","state":"available","state_reason":{"code":"UNSET","message":"UNSET"},"tags":{},"timeouts":null,"tpm_support":"","usage_operation":"RunInstances","virtualization_type":"hvm"},"sensitive_values":{"block_device_mappings":[{"ebs":{}}],"filter":[{"values":[false]},{"values":[false]},{"values":[false]},{"values":[false]}],"owners":[false],"product_codes":[],"state_reason":{},"tags":{}}}]}}},"configuration":{"provider_config":{"aws":{"name":"aws","full_name":"registry.terraform.io/hashicorp/aws","version_constraint":"~\u003e 5.0"}},"root_module":{"outputs":{"grafana_url":{"expression":{"references":["aws_instance.this.public_ip","aws_instance.this"]}},"instance_public_ip":{"expression":{"references":["aws_instance.this.public_ip","aws_instance.this"]}}},"resources":[{"address":"aws_instance.this","mode":"managed","type":"aws_instance","name":"this","provider_config_key":"aws","expressions":{"ami":{"references":["data.aws_ami.this.id","data.aws_ami.this"]},"associate_public_ip_address":{"constant_value":true},"instance_type":{"constant_value":"t2.micro"},"key_name":{"references":["aws_key_pair.this.key_name","aws_key_pair.this"]},"subnet_id":{"references":["var.subnet_id"]},"tags":{"constant_value":{"Name":"mate-aws-grafana-lab"}},"user_data":{},"vpc_security_group_ids":{"references":["var.security_group_id"]}},"schema_version":1},{"address":"aws_key_pair.this","mode":"managed","type":"aws_key_pair","name":"this","provider_config_key":"aws","expressions":{"key_name":{"constant_value":"aws-grafana-lab-key"},"public_key":{},"tags":{"constant_value":{"Name":"mate-aws-grafana-lab"}}},"schema_version":1},{"address":"data.aws_ami.this","mode":"data","type":"aws_ami","name":"this","provider_config_key":"aws","expressions":{"filter":[{"name":{"constant_value":"name"},"values":{"constant_value":["amzn2-ami-hvm-*-gp2"]}},{"name":{"constant_value":"root-device-type"},"values":{"constant_value":["ebs"]}},{"name":{"constant_value":"virtualization-type"},"values":{"constant_value":["hvm"]}},{"name":{"constant_value":"architecture"},"values":{"constant_value":["x86_64"]}}],"most_recent":{"constant_value":true},"owners":{"constant_value":["amazon"]}},"schema_version":0}],"variables":{"security_group_id":{"description":"ID of the security group, you deployed in the previous task."},"subnet_id":{"description":"ID of the VPC subnet, you deployed in the previous task."}}}},"relevant_attributes":[{"resource":"data.aws_ami.this","attribute":["id"]},{"resource":"aws_key_pair.this","attribute":["key_name"]},{"resource":"aws_instance.this","attribute":["public_ip"]}],"timestamp":"2025-02-05T15:19:36Z","applyable":true,"complete":true,"errored":false}
