{"format_version":"1.2","terraform_version":"1.12.2","variables":{"security_group_id":{"value":"sg-027e3706d2c6cca5d"},"subnet_id":{"value":"subnet-00ece90076b777b35"}},"planned_values":{"outputs":{"grafana_url":{"sensitive":false},"instance_public_ip":{"sensitive":false}},"root_module":{"resources":[{"address":"aws_instance.instance","mode":"managed","type":"aws_instance","name":"instance","provider_name":"registry.terraform.io/hashicorp/aws","schema_version":1,"values":{"ami":"ami-0242293c1166ee926","associate_public_ip_address":true,"credit_specification":[],"get_password_data":false,"hibernation":null,"instance_type":"t2.micro","key_name":"deployer-key","launch_template":[],"source_dest_check":true,"subnet_id":"subnet-00ece90076b777b35","tags":{"Name":"mate-aws-grafana-lab"},"tags_all":{"Name":"mate-aws-grafana-lab"},"timeouts":null,"user_data":"2bd3ada6c540a3442e076f804f65df2a7a20960f","user_data_replace_on_change":false,"volume_tags":null,"vpc_security_group_ids":["sg-027e3706d2c6cca5d"]},"sensitive_values":{"capacity_reservation_specification":[],"cpu_options":[],"credit_specification":[],"ebs_block_device":[],"enclave_options":[],"ephemeral_block_device":[],"instance_market_options":[],"ipv6_addresses":[],"launch_template":[],"maintenance_options":[],"metadata_options":[],"network_interface":[],"private_dns_name_options":[],"root_block_device":[],"secondary_private_ips":[],"security_groups":[],"tags":{},"tags_all":{},"vpc_security_group_ids":[false]}},{"address":"aws_key_pair.deployer","mode":"managed","type":"aws_key_pair","name":"deployer","provider_name":"registry.terraform.io/hashicorp/aws","schema_version":1,"values":{"key_name":"deployer-key","public_key":"ssh-rsa AAAAB3NzaC1yc2EAAAADAQABAAACAQDUasURhJzoyyaMSMxFeKSVP0dv2X37EtssldkO51KFiHW4vXaA+w2QFtLN288561Z7BaFe4ysZtrjVXzwr3H5wAhV0qSeeXxVL9bIxoY8KjuoEJRbw6QHjiXZIbJCqMrLx9tlvsDmoSDg09GK9+MGNcaCiaWtJtax3JgA9Dq0pCWBUWdbZWrhP4Rv9tv6OhO2123XP5G8chVa9S+6N6JAHeQtwFCrkvpU3h0N6VMURTJ0b3cYtLJavLDjjNNXX7crT5bu7FcNZ0SsSUUW36KiBj1gDXHe47rFOloAW/bADrBrpXDc+xjChuDPe/ehuahPoWDCJqD7lfpGphCBnih4tyO6Af7IL0WExqKxbrwFuSCqi4qxM5wLCcp7gdX6meTQ7ajvzl1wyWcwkYex8fS7HcvVVOlj1nasiReTjvkQMJss7dkB5EO2XPRrSkEC+sEBP2VPfORAMneKM9hu6ab5SC58sKhsjc8iOkxMFXondNuz9LOFsT7Xv9vNxu4ZaLq3H/oQk9ImdBDDx18Ae+CpsI/sdoVTFKDzzYS1fWTSnLB9KMJSTSvLQD4VbXof0qLCuhGqr+tMrSy+zl6V7n/4WyqBNJcDC2RQ0cogcDqNn/oWUUfb/+mp0xS6LexA2v4jMS4GYZ3mPadVgQvQ3jVt7AoKhroTzARJr0H7a/5+udw== muskam.dan@gmail.com","tags":null},"sensitive_values":{"tags_all":{}}}]}},"resource_changes":[{"address":"aws_instance.instance","mode":"managed","type":"aws_instance","name":"instance","provider_name":"registry.terraform.io/hashicorp/aws","change":{"actions":["create"],"before":null,"after":{"ami":"ami-0242293c1166ee926","associate_public_ip_address":true,"credit_specification":[],"get_password_data":false,"hibernation":null,"instance_type":"t2.micro","key_name":"deployer-key","launch_template":[],"source_dest_check":true,"subnet_id":"subnet-00ece90076b777b35","tags":{"Name":"mate-aws-grafana-lab"},"tags_all":{"Name":"mate-aws-grafana-lab"},"timeouts":null,"user_data":"2bd3ada6c540a3442e076f804f65df2a7a20960f","user_data_replace_on_change":false,"volume_tags":null,"vpc_security_group_ids":["sg-027e3706d2c6cca5d"]},"after_unknown":{"arn":true,"availability_zone":true,"capacity_reservation_specification":true,"cpu_core_count":true,"cpu_options":true,"cpu_threads_per_core":true,"credit_specification":[],"disable_api_stop":true,"disable_api_termination":true,"ebs_block_device":true,"ebs_optimized":true,"enable_primary_ipv6":true,"enclave_options":true,"ephemeral_block_device":true,"host_id":true,"host_resource_group_arn":true,"iam_instance_profile":true,"id":true,"instance_initiated_shutdown_behavior":true,"instance_lifecycle":true,"instance_market_options":true,"instance_state":true,"ipv6_address_count":true,"ipv6_addresses":true,"launch_template":[],"maintenance_options":true,"metadata_options":true,"monitoring":true,"network_interface":true,"outpost_arn":true,"password_data":true,"placement_group":true,"placement_partition_number":true,"primary_network_interface_id":true,"private_dns":true,"private_dns_name_options":true,"private_ip":true,"public_dns":true,"public_ip":true,"root_block_device":true,"secondary_private_ips":true,"security_groups":true,"spot_instance_request_id":true,"tags":{},"tags_all":{},"tenancy":true,"user_data_base64":true,"vpc_security_group_ids":[false]},"before_sensitive":false,"after_sensitive":{"capacity_reservation_specification":[],"cpu_options":[],"credit_specification":[],"ebs_block_device":[],"enclave_options":[],"ephemeral_block_device":[],"instance_market_options":[],"ipv6_addresses":[],"launch_template":[],"maintenance_options":[],"metadata_options":[],"network_interface":[],"private_dns_name_options":[],"root_block_device":[],"secondary_private_ips":[],"security_groups":[],"tags":{},"tags_all":{},"vpc_security_group_ids":[false]}}},{"address":"aws_key_pair.deployer","mode":"managed","type":"aws_key_pair","name":"deployer","provider_name":"registry.terraform.io/hashicorp/aws","change":{"actions":["create"],"before":null,"after":{"key_name":"deployer-key","public_key":"ssh-rsa AAAAB3NzaC1yc2EAAAADAQABAAACAQDUasURhJzoyyaMSMxFeKSVP0dv2X37EtssldkO51KFiHW4vXaA+w2QFtLN288561Z7BaFe4ysZtrjVXzwr3H5wAhV0qSeeXxVL9bIxoY8KjuoEJRbw6QHjiXZIbJCqMrLx9tlvsDmoSDg09GK9+MGNcaCiaWtJtax3JgA9Dq0pCWBUWdbZWrhP4Rv9tv6OhO2123XP5G8chVa9S+6N6JAHeQtwFCrkvpU3h0N6VMURTJ0b3cYtLJavLDjjNNXX7crT5bu7FcNZ0SsSUUW36KiBj1gDXHe47rFOloAW/bADrBrpXDc+xjChuDPe/ehuahPoWDCJqD7lfpGphCBnih4tyO6Af7IL0WExqKxbrwFuSCqi4qxM5wLCcp7gdX6meTQ7ajvzl1wyWcwkYex8fS7HcvVVOlj1nasiReTjvkQMJss7dkB5EO2XPRrSkEC+sEBP2VPfORAMneKM9hu6ab5SC58sKhsjc8iOkxMFXondNuz9LOFsT7Xv9vNxu4ZaLq3H/oQk9ImdBDDx18Ae+CpsI/sdoVTFKDzzYS1fWTSnLB9KMJSTSvLQD4VbXof0qLCuhGqr+tMrSy+zl6V7n/4WyqBNJcDC2RQ0cogcDqNn/oWUUfb/+mp0xS6LexA2v4jMS4GYZ3mPadVgQvQ3jVt7AoKhroTzARJr0H7a/5+udw== muskam.dan@gmail.com","tags":null},"after_unknown":{"arn":true,"fingerprint":true,"id":true,"key_name_prefix":true,"key_pair_id":true,"key_type":true,"tags_all":true},"before_sensitive":false,"after_sensitive":{"tags_all":{}}}}],"output_changes":{"grafana_url":{"actions":["create"],"before":null,"after_unknown":true,"before_sensitive":false,"after_sensitive":false},"instance_public_ip":{"actions":["create"],"before":null,"after_unknown":true,"before_sensitive":false,"after_sensitive":false}},"prior_state":{"format_version":"1.0","terraform_version":"1.12.2","values":{"root_module":{"resources":[{"address":"data.aws_ami.this","mode":"data","type":"aws_ami","name":"this","provider_name":"registry.terraform.io/hashicorp/aws","schema_version":0,"values":{"architecture":"x86_64","arn":"arn:aws:ec2:eu-central-1::image/ami-0242293c1166ee926","block_device_mappings":[{"device_name":"/dev/xvda","ebs":{"delete_on_termination":"true","encrypted":"false","iops":"0","snapshot_id":"snap-0baba8406ae0d8928","throughput":"0","volume_initialization_rate":"0","volume_size":"8","volume_type":"gp2"},"no_device":"","virtual_name":""}],"boot_mode":"","creation_date":"2025-09-03T05:26:14.000Z","deprecation_time":"2025-12-02T05:26:00.000Z","description":"Amazon Linux 2 AMI 2.0.20250902.3 x86_64 HVM gp2","ena_support":true,"executable_users":null,"filter":[{"name":"architecture","values":["x86_64"]},{"name":"name","values":["amzn2-ami-hvm-*-gp2"]},{"name":"root-device-type","values":["ebs"]},{"name":"virtualization-type","values":["hvm"]}],"hypervisor":"xen","id":"ami-0242293c1166ee926","image_id":"ami-0242293c1166ee926","image_location":"amazon/amzn2-ami-hvm-2.0.20250902.3-x86_64-gp2","image_owner_alias":"amazon","image_type":"machine","imds_support":"","include_deprecated":false,"kernel_id":"","last_launched_time":"","most_recent":true,"name":"amzn2-ami-hvm-2.0.20250902.3-x86_64-gp2","name_regex":null,"owner_id":"137112412989","owners":["amazon"],"platform":"","platform_details":"Linux/UNIX","product_codes":[],"public":true,"ramdisk_id":"","root_device_name":"/dev/xvda","root_device_type":"ebs","root_snapshot_id":"snap-0baba8406ae0d8928","sriov_net_support":"simple","state":"available","state_reason":{"code":"UNSET","message":"UNSET"},"tags":{},"timeouts":null,"tpm_support":"","uefi_data":null,"usage_operation":"RunInstances","virtualization_type":"hvm"},"sensitive_values":{"block_device_mappings":[{"ebs":{}}],"filter":[{"values":[false]},{"values":[false]},{"values":[false]},{"values":[false]}],"owners":[false],"product_codes":[],"state_reason":{},"tags":{}}}]}}},"configuration":{"provider_config":{"aws":{"name":"aws","full_name":"registry.terraform.io/hashicorp/aws","version_constraint":"~\u003e 5.0"}},"root_module":{"outputs":{"grafana_url":{"expression":{"references":["aws_instance.instance.public_ip","aws_instance.instance"]}},"instance_public_ip":{"expression":{"references":["aws_instance.instance.public_ip","aws_instance.instance"]}}},"resources":[{"address":"aws_instance.instance","mode":"managed","type":"aws_instance","name":"instance","provider_config_key":"aws","expressions":{"ami":{"references":["data.aws_ami.this.id","data.aws_ami.this"]},"associate_public_ip_address":{"constant_value":true},"instance_type":{"constant_value":"t2.micro"},"key_name":{"references":["aws_key_pair.deployer.key_name","aws_key_pair.deployer"]},"subnet_id":{"references":["var.subnet_id"]},"tags":{"constant_value":{"Name":"mate-aws-grafana-lab"}},"user_data":{},"vpc_security_group_ids":{"references":["var.security_group_id"]}},"schema_version":1},{"address":"aws_key_pair.deployer","mode":"managed","type":"aws_key_pair","name":"deployer","provider_config_key":"aws","expressions":{"key_name":{"constant_value":"deployer-key"},"public_key":{}},"schema_version":1},{"address":"data.aws_ami.this","mode":"data","type":"aws_ami","name":"this","provider_config_key":"aws","expressions":{"filter":[{"name":{"constant_value":"name"},"values":{"constant_value":["amzn2-ami-hvm-*-gp2"]}},{"name":{"constant_value":"root-device-type"},"values":{"constant_value":["ebs"]}},{"name":{"constant_value":"virtualization-type"},"values":{"constant_value":["hvm"]}},{"name":{"constant_value":"architecture"},"values":{"constant_value":["x86_64"]}}],"most_recent":{"constant_value":true},"owners":{"constant_value":["amazon"]}},"schema_version":0}],"variables":{"security_group_id":{"description":"ID of the security group, you deployed in the previous task."},"subnet_id":{"description":"ID of the VPC subnet, you deployed in the previous task."}}}},"relevant_attributes":[{"resource":"aws_instance.instance","attribute":["public_ip"]},{"resource":"data.aws_ami.this","attribute":["id"]},{"resource":"aws_key_pair.deployer","attribute":["key_name"]}],"timestamp":"2025-09-09T18:32:26Z","applyable":true,"complete":true,"errored":false}
